// !$*UTF8*$!
{
	archiveVersion = 1;
	classes = {
	};
	objectVersion = 46;
	objects = {

/* Begin PBXBuildFile section */
		0378C7BD1CBF8C2F005C2BD1 /* main.c in Sources */ = {isa = PBXBuildFile; fileRef = 0378C7BC1CBF8C2F005C2BD1 /* main.c */; };
/* End PBXBuildFile section */

/* Begin PBXCopyFilesBuildPhase section */
		0378C7B71CBF8C2F005C2BD1 /* CopyFiles */ = {
			isa = PBXCopyFilesBuildPhase;
			buildActionMask = 2147483647;
			dstPath = /usr/share/man/man1/;
			dstSubfolderSpec = 0;
			files = (
			);
			runOnlyForDeploymentPostprocessing = 1;
		};
/* End PBXCopyFilesBuildPhase section */

/* Begin PBXFileReference section */
		0378C7B91CBF8C2F005C2BD1 /* Vortex-DDS PoC */ = {isa = PBXFileReference; explicitFileType = "compiled.mach-o.executable"; includeInIndex = 0; path = "Vortex-DDS PoC"; sourceTree = BUILT_PRODUCTS_DIR; };
		0378C7BC1CBF8C2F005C2BD1 /* main.c */ = {isa = PBXFileReference; lastKnownFileType = sourcecode.c.c; path = main.c; sourceTree = "<group>"; };
/* End PBXFileReference section */

/* Begin PBXFrameworksBuildPhase section */
		0378C7B61CBF8C2F005C2BD1 /* Frameworks */ = {
			isa = PBXFrameworksBuildPhase;
			buildActionMask = 2147483647;
			files = (
			);
			runOnlyForDeploymentPostprocessing = 0;
		};
/* End PBXFrameworksBuildPhase section */

/* Begin PBXGroup section */
		0378C7B01CBF8C2F005C2BD1 = {
			isa = PBXGroup;
			children = (
				0378C7BB1CBF8C2F005C2BD1 /* Vortex-DDS PoC */,
				0378C7BA1CBF8C2F005C2BD1 /* Products */,
			);
			sourceTree = "<group>";
		};
		0378C7BA1CBF8C2F005C2BD1 /* Products */ = {
			isa = PBXGroup;
			children = (
				0378C7B91CBF8C2F005C2BD1 /* Vortex-DDS PoC */,
			);
			name = Products;
			sourceTree = "<group>";
		};
		0378C7BB1CBF8C2F005C2BD1 /* Vortex-DDS PoC */ = {
			isa = PBXGroup;
			children = (
				0378C7BC1CBF8C2F005C2BD1 /* main.c */,
			);
			path = "Vortex-DDS PoC";
			sourceTree = "<group>";
		};
/* End PBXGroup section */

/* Begin PBXNativeTarget section */
		0378C7B81CBF8C2F005C2BD1 /* Vortex-DDS PoC */ = {
			isa = PBXNativeTarget;
			buildConfigurationList = 0378C7C01CBF8C2F005C2BD1 /* Build configuration list for PBXNativeTarget "Vortex-DDS PoC" */;
			buildPhases = (
				0378C7B51CBF8C2F005C2BD1 /* Sources */,
				0378C7B61CBF8C2F005C2BD1 /* Frameworks */,
				0378C7B71CBF8C2F005C2BD1 /* CopyFiles */,
			);
			buildRules = (
			);
			dependencies = (
			);
			name = "Vortex-DDS PoC";
			productName = "Vortex-DDS PoC";
			productReference = 0378C7B91CBF8C2F005C2BD1 /* Vortex-DDS PoC */;
			productType = "com.apple.product-type.tool";
		};
/* End PBXNativeTarget section */

/* Begin PBXProject section */
		0378C7B11CBF8C2F005C2BD1 /* Project object */ = {
			isa = PBXProject;
			attributes = {
				LastUpgradeCheck = 0730;
				ORGANIZATIONNAME = PrismTech;
				TargetAttributes = {
					0378C7B81CBF8C2F005C2BD1 = {
						CreatedOnToolsVersion = 7.3;
					};
				};
			};
			buildConfigurationList = 0378C7B41CBF8C2F005C2BD1 /* Build configuration list for PBXProject "Vortex-DDS PoC" */;
			compatibilityVersion = "Xcode 3.2";
			developmentRegion = English;
			hasScannedForEncodings = 0;
			knownRegions = (
				en,
			);
			mainGroup = 0378C7B01CBF8C2F005C2BD1;
			productRefGroup = 0378C7BA1CBF8C2F005C2BD1 /* Products */;
			projectDirPath = "";
			projectRoot = "";
			targets = (
				0378C7B81CBF8C2F005C2BD1 /* Vortex-DDS PoC */,
			);
		};
/* End PBXProject section */

/* Begin PBXSourcesBuildPhase section */
		0378C7B51CBF8C2F005C2BD1 /* Sources */ = {
			isa = PBXSourcesBuildPhase;
			buildActionMask = 2147483647;
			files = (
				0378C7BD1CBF8C2F005C2BD1 /* main.c in Sources */,
			);
			runOnlyForDeploymentPostprocessing = 0;
		};
/* End PBXSourcesBuildPhase section */

/* Begin XCBuildConfiguration section */
		0378C7BE1CBF8C2F005C2BD1 /* Debug */ = {
			isa = XCBuildConfiguration;
			buildSettings = {
				ALWAYS_SEARCH_USER_PATHS = NO;
				CLANG_ANALYZER_NONNULL = YES;
				CLANG_CXX_LANGUAGE_STANDARD = "gnu++0x";
				CLANG_CXX_LIBRARY = "libc++";
				CLANG_ENABLE_MODULES = YES;
				CLANG_ENABLE_OBJC_ARC = YES;
				CLANG_WARN_BOOL_CONVERSION = YES;
				CLANG_WARN_CONSTANT_CONVERSION = YES;
				CLANG_WARN_DIRECT_OBJC_ISA_USAGE = YES_ERROR;
				CLANG_WARN_EMPTY_BODY = YES;
				CLANG_WARN_ENUM_CONVERSION = YES;
				CLANG_WARN_INT_CONVERSION = YES;
				CLANG_WARN_OBJC_ROOT_CLASS = YES_ERROR;
				CLANG_WARN_UNREACHABLE_CODE = YES;
				CLANG_WARN__DUPLICATE_METHOD_MATCH = YES;
				CODE_SIGN_IDENTITY = "-";
				COPY_PHASE_STRIP = NO;
				DEBUG_INFORMATION_FORMAT = dwarf;
				ENABLE_STRICT_OBJC_MSGSEND = YES;
				ENABLE_TESTABILITY = YES;
				GCC_C_LANGUAGE_STANDARD = gnu99;
				GCC_DYNAMIC_NO_PIC = NO;
				GCC_NO_COMMON_BLOCKS = YES;
				GCC_OPTIMIZATION_LEVEL = 0;
				GCC_PREPROCESSOR_DEFINITIONS = (
					"DEBUG=1",
					"$(inherited)",
				);
				GCC_WARN_64_TO_32_BIT_CONVERSION = YES;
				GCC_WARN_ABOUT_RETURN_TYPE = YES_ERROR;
				GCC_WARN_UNDECLARED_SELECTOR = YES;
				GCC_WARN_UNINITIALIZED_AUTOS = YES_AGGRESSIVE;
				GCC_WARN_UNUSED_FUNCTION = YES;
				GCC_WARN_UNUSED_VARIABLE = YES;
				MACOSX_DEPLOYMENT_TARGET = 10.11;
				MTL_ENABLE_DEBUG_INFO = YES;
				ONLY_ACTIVE_ARCH = YES;
				SDKROOT = macosx;
			};
			name = Debug;
		};
		0378C7BF1CBF8C2F005C2BD1 /* Release */ = {
			isa = XCBuildConfiguration;
			buildSettings = {
				ALWAYS_SEARCH_USER_PATHS = NO;
				CLANG_ANALYZER_NONNULL = YES;
				CLANG_CXX_LANGUAGE_STANDARD = "gnu++0x";
				CLANG_CXX_LIBRARY = "libc++";
				CLANG_ENABLE_MODULES = YES;
				CLANG_ENABLE_OBJC_ARC = YES;
				CLANG_WARN_BOOL_CONVERSION = YES;
				CLANG_WARN_CONSTANT_CONVERSION = YES;
				CLANG_WARN_DIRECT_OBJC_ISA_USAGE = YES_ERROR;
				CLANG_WARN_EMPTY_BODY = YES;
				CLANG_WARN_ENUM_CONVERSION = YES;
				CLANG_WARN_INT_CONVERSION = YES;
				CLANG_WARN_OBJC_ROOT_CLASS = YES_ERROR;
				CLANG_WARN_UNREACHABLE_CODE = YES;
				CLANG_WARN__DUPLICATE_METHOD_MATCH = YES;
				CODE_SIGN_IDENTITY = "-";
				COPY_PHASE_STRIP = NO;
				DEBUG_INFORMATION_FORMAT = "dwarf-with-dsym";
				ENABLE_NS_ASSERTIONS = NO;
				ENABLE_STRICT_OBJC_MSGSEND = YES;
				GCC_C_LANGUAGE_STANDARD = gnu99;
				GCC_NO_COMMON_BLOCKS = YES;
				GCC_WARN_64_TO_32_BIT_CONVERSION = YES;
				GCC_WARN_ABOUT_RETURN_TYPE = YES_ERROR;
				GCC_WARN_UNDECLARED_SELECTOR = YES;
				GCC_WARN_UNINITIALIZED_AUTOS = YES_AGGRESSIVE;
				GCC_WARN_UNUSED_FUNCTION = YES;
				GCC_WARN_UNUSED_VARIABLE = YES;
				MACOSX_DEPLOYMENT_TARGET = 10.11;
				MTL_ENABLE_DEBUG_INFO = NO;
				SDKROOT = macosx;
			};
			name = Release;
		};
		0378C7C11CBF8C2F005C2BD1 /* Debug */ = {
			isa = XCBuildConfiguration;
			buildSettings = {
				PRODUCT_NAME = "$(TARGET_NAME)";
			};
			name = Debug;
		};
		0378C7C21CBF8C2F005C2BD1 /* Release */ = {
			isa = XCBuildConfiguration;
			buildSettings = {
				PRODUCT_NAME = "$(TARGET_NAME)";
			};
			name = Release;
		};
/* End XCBuildConfiguration section */

/* Begin XCConfigurationList section */
		0378C7B41CBF8C2F005C2BD1 /* Build configuration list for PBXProject "Vortex-DDS PoC" */ = {
			isa = XCConfigurationList;
			buildConfigurations = (
				0378C7BE1CBF8C2F005C2BD1 /* Debug */,
				0378C7BF1CBF8C2F005C2BD1 /* Release */,
			);
			defaultConfigurationIsVisible = 0;
			defaultConfigurationName = Release;
		};
		0378C7C01CBF8C2F005C2BD1 /* Build configuration list for PBXNativeTarget "Vortex-DDS PoC" */ = {
			isa = XCConfigurationList;
			buildConfigurations = (
				0378C7C11CBF8C2F005C2BD1 /* Debug */,
				0378C7C21CBF8C2F005C2BD1 /* Release */,
			);
			defaultConfigurationIsVisible = 0;
		};
/* End XCConfigurationList section */
	};
	rootObject = 0378C7B11CBF8C2F005C2BD1 /* Project object */;
}
