// !$*UTF8*$!
{
	archiveVersion = 1;
	classes = {
	};
	objectVersion = 46;
	objects = {

/* Begin PBXBuildFile section */
		034518F41CBFC11600B9D2FD /* os_platform_thread.c in Sources */ = {isa = PBXBuildFile; fileRef = 034518F31CBFC11600B9D2FD /* os_platform_thread.c */; };
		034518F81CBFC2AC00B9D2FD /* os_platform_errno.c in Sources */ = {isa = PBXBuildFile; fileRef = 034518F71CBFC2AC00B9D2FD /* os_platform_errno.c */; };
		034518FC1CBFC3FE00B9D2FD /* os_platform_socket.c in Sources */ = {isa = PBXBuildFile; fileRef = 034518FB1CBFC3FE00B9D2FD /* os_platform_socket.c */; };
		034518FE1CBFC51500B9D2FD /* os_socket.c in Sources */ = {isa = PBXBuildFile; fileRef = 034518FD1CBFC51500B9D2FD /* os_socket.c */; };
		034519001CBFC5B600B9D2FD /* os_report.c in Sources */ = {isa = PBXBuildFile; fileRef = 034518FF1CBFC5B600B9D2FD /* os_report.c */; };
		034519061CBFCA4B00B9D2FD /* os_platform_process.c in Sources */ = {isa = PBXBuildFile; fileRef = 034519051CBFCA4B00B9D2FD /* os_platform_process.c */; };
		034519081CBFCA9E00B9D2FD /* os_process.h in Headers */ = {isa = PBXBuildFile; fileRef = 034519071CBFCA9E00B9D2FD /* os_process.h */; };
		0378C9881CBF8D12005C2BD1 /* ddsi_ser.c in Sources */ = {isa = PBXBuildFile; fileRef = 0378C7CA1CBF8C6C005C2BD1 /* ddsi_ser.c */; };
		0378C9891CBF8D12005C2BD1 /* ddsi_ssl.c in Sources */ = {isa = PBXBuildFile; fileRef = 0378C7CB1CBF8C6C005C2BD1 /* ddsi_ssl.c */; };
		0378C98A1CBF8D12005C2BD1 /* ddsi_tcp.c in Sources */ = {isa = PBXBuildFile; fileRef = 0378C7CC1CBF8C6C005C2BD1 /* ddsi_tcp.c */; };
		0378C98B1CBF8D12005C2BD1 /* ddsi_tran.c in Sources */ = {isa = PBXBuildFile; fileRef = 0378C7CD1CBF8C6C005C2BD1 /* ddsi_tran.c */; };
		0378C98C1CBF8D12005C2BD1 /* ddsi_udp.c in Sources */ = {isa = PBXBuildFile; fileRef = 0378C7CE1CBF8C6C005C2BD1 /* ddsi_udp.c */; };
		0378C98D1CBF8D12005C2BD1 /* q_addrset.c in Sources */ = {isa = PBXBuildFile; fileRef = 0378C7CF1CBF8C6C005C2BD1 /* q_addrset.c */; };
		0378C98E1CBF8D12005C2BD1 /* q_bitset_inlines.c in Sources */ = {isa = PBXBuildFile; fileRef = 0378C7D01CBF8C6C005C2BD1 /* q_bitset_inlines.c */; };
		0378C9901CBF8D12005C2BD1 /* q_bswap.c in Sources */ = {isa = PBXBuildFile; fileRef = 0378C7D21CBF8C6C005C2BD1 /* q_bswap.c */; };
		0378C9911CBF8D12005C2BD1 /* q_bswap_inlines.c in Sources */ = {isa = PBXBuildFile; fileRef = 0378C7D31CBF8C6C005C2BD1 /* q_bswap_inlines.c */; };
		0378C9931CBF8D12005C2BD1 /* q_config.c in Sources */ = {isa = PBXBuildFile; fileRef = 0378C7D51CBF8C6C005C2BD1 /* q_config.c */; };
		0378C9941CBF8D12005C2BD1 /* q_ddsi_discovery.c in Sources */ = {isa = PBXBuildFile; fileRef = 0378C7D61CBF8C6C005C2BD1 /* q_ddsi_discovery.c */; };
		0378C9951CBF8D12005C2BD1 /* q_debmon.c in Sources */ = {isa = PBXBuildFile; fileRef = 0378C7D71CBF8C6C005C2BD1 /* q_debmon.c */; };
		0378C9961CBF8D12005C2BD1 /* q_entity.c in Sources */ = {isa = PBXBuildFile; fileRef = 0378C7D81CBF8C6C005C2BD1 /* q_entity.c */; };
		0378C9971CBF8D12005C2BD1 /* q_ephash.c in Sources */ = {isa = PBXBuildFile; fileRef = 0378C7D91CBF8C6C005C2BD1 /* q_ephash.c */; };
		0378C9981CBF8D12005C2BD1 /* q_gc.c in Sources */ = {isa = PBXBuildFile; fileRef = 0378C7DA1CBF8C6C005C2BD1 /* q_gc.c */; };
		0378C9991CBF8D12005C2BD1 /* q_init.c in Sources */ = {isa = PBXBuildFile; fileRef = 0378C7DB1CBF8C6C005C2BD1 /* q_init.c */; };
		0378C99A1CBF8D12005C2BD1 /* q_lat_estim.c in Sources */ = {isa = PBXBuildFile; fileRef = 0378C7DC1CBF8C6C005C2BD1 /* q_lat_estim.c */; };
		0378C99B1CBF8D12005C2BD1 /* q_lease.c in Sources */ = {isa = PBXBuildFile; fileRef = 0378C7DD1CBF8C6C005C2BD1 /* q_lease.c */; };
		0378C99C1CBF8D12005C2BD1 /* q_log.c in Sources */ = {isa = PBXBuildFile; fileRef = 0378C7DE1CBF8C6C005C2BD1 /* q_log.c */; };
		0378C99D1CBF8D12005C2BD1 /* q_md5.c in Sources */ = {isa = PBXBuildFile; fileRef = 0378C7DF1CBF8C6C005C2BD1 /* q_md5.c */; };
		0378C99E1CBF8D12005C2BD1 /* q_misc.c in Sources */ = {isa = PBXBuildFile; fileRef = 0378C7E01CBF8C6C005C2BD1 /* q_misc.c */; };
		0378C99F1CBF8D12005C2BD1 /* q_nwif.c in Sources */ = {isa = PBXBuildFile; fileRef = 0378C7E11CBF8C6C005C2BD1 /* q_nwif.c */; };
		0378C9A01CBF8D12005C2BD1 /* q_pcap.c in Sources */ = {isa = PBXBuildFile; fileRef = 0378C7E21CBF8C6C005C2BD1 /* q_pcap.c */; };
		0378C9A11CBF8D12005C2BD1 /* q_plist.c in Sources */ = {isa = PBXBuildFile; fileRef = 0378C7E31CBF8C6C005C2BD1 /* q_plist.c */; };
		0378C9A21CBF8D12005C2BD1 /* q_qosmatch.c in Sources */ = {isa = PBXBuildFile; fileRef = 0378C7E41CBF8C6C005C2BD1 /* q_qosmatch.c */; };
		0378C9A31CBF8D12005C2BD1 /* q_radmin.c in Sources */ = {isa = PBXBuildFile; fileRef = 0378C7E51CBF8C6C005C2BD1 /* q_radmin.c */; };
		0378C9A41CBF8D12005C2BD1 /* q_receive.c in Sources */ = {isa = PBXBuildFile; fileRef = 0378C7E61CBF8C6C005C2BD1 /* q_receive.c */; };
		0378C9A51CBF8D12005C2BD1 /* q_security.c in Sources */ = {isa = PBXBuildFile; fileRef = 0378C7E71CBF8C6C005C2BD1 /* q_security.c */; };
		0378C9A61CBF8D12005C2BD1 /* q_servicelease.c in Sources */ = {isa = PBXBuildFile; fileRef = 0378C7E81CBF8C6C005C2BD1 /* q_servicelease.c */; };
		0378C9A71CBF8D12005C2BD1 /* q_sockwaitset.c in Sources */ = {isa = PBXBuildFile; fileRef = 0378C7E91CBF8C6C005C2BD1 /* q_sockwaitset.c */; };
		0378C9A81CBF8D12005C2BD1 /* q_thread.c in Sources */ = {isa = PBXBuildFile; fileRef = 0378C7EA1CBF8C6C005C2BD1 /* q_thread.c */; };
		0378C9A91CBF8D12005C2BD1 /* q_thread_inlines.c in Sources */ = {isa = PBXBuildFile; fileRef = 0378C7EB1CBF8C6C005C2BD1 /* q_thread_inlines.c */; };
		0378C9AB1CBF8D12005C2BD1 /* q_time.c in Sources */ = {isa = PBXBuildFile; fileRef = 0378C7ED1CBF8C6C005C2BD1 /* q_time.c */; };
		0378C9AC1CBF8D12005C2BD1 /* q_transmit.c in Sources */ = {isa = PBXBuildFile; fileRef = 0378C7EE1CBF8C6C005C2BD1 /* q_transmit.c */; };
		0378C9AD1CBF8D12005C2BD1 /* q_whc.c in Sources */ = {isa = PBXBuildFile; fileRef = 0378C7EF1CBF8C6C005C2BD1 /* q_whc.c */; };
		0378C9AE1CBF8D12005C2BD1 /* q_xevent.c in Sources */ = {isa = PBXBuildFile; fileRef = 0378C7F01CBF8C6C005C2BD1 /* q_xevent.c */; };
		0378C9AF1CBF8D12005C2BD1 /* q_xmsg.c in Sources */ = {isa = PBXBuildFile; fileRef = 0378C7F11CBF8C6C005C2BD1 /* q_xmsg.c */; };
		0378C9B01CBF8D12005C2BD1 /* sysdeps.c in Sources */ = {isa = PBXBuildFile; fileRef = 0378C7F21CBF8C6C005C2BD1 /* sysdeps.c */; };
		0378C9B11CBF8D1F005C2BD1 /* dds_alloc.c in Sources */ = {isa = PBXBuildFile; fileRef = 0378C8261CBF8C6C005C2BD1 /* dds_alloc.c */; };
		0378C9B21CBF8D1F005C2BD1 /* dds_condition.c in Sources */ = {isa = PBXBuildFile; fileRef = 0378C8271CBF8C6C005C2BD1 /* dds_condition.c */; };
		0378C9B31CBF8D1F005C2BD1 /* dds_domain.c in Sources */ = {isa = PBXBuildFile; fileRef = 0378C8281CBF8C6C005C2BD1 /* dds_domain.c */; };
		0378C9B41CBF8D1F005C2BD1 /* dds_entity.c in Sources */ = {isa = PBXBuildFile; fileRef = 0378C8291CBF8C6C005C2BD1 /* dds_entity.c */; };
		0378C9B51CBF8D1F005C2BD1 /* dds_err.c in Sources */ = {isa = PBXBuildFile; fileRef = 0378C82A1CBF8C6C005C2BD1 /* dds_err.c */; };
		0378C9B61CBF8D1F005C2BD1 /* dds_guardcond.c in Sources */ = {isa = PBXBuildFile; fileRef = 0378C82B1CBF8C6C005C2BD1 /* dds_guardcond.c */; };
		0378C9B81CBF8D1F005C2BD1 /* dds_iid.c in Sources */ = {isa = PBXBuildFile; fileRef = 0378C82D1CBF8C6C005C2BD1 /* dds_iid.c */; };
		0378C9B91CBF8D1F005C2BD1 /* dds_init.c in Sources */ = {isa = PBXBuildFile; fileRef = 0378C82E1CBF8C6C005C2BD1 /* dds_init.c */; };
		0378C9BA1CBF8D1F005C2BD1 /* dds_instance.c in Sources */ = {isa = PBXBuildFile; fileRef = 0378C82F1CBF8C6C005C2BD1 /* dds_instance.c */; };
		0378C9BB1CBF8D1F005C2BD1 /* dds_key.c in Sources */ = {isa = PBXBuildFile; fileRef = 0378C8301CBF8C6C005C2BD1 /* dds_key.c */; };
		0378C9BC1CBF8D1F005C2BD1 /* dds_listener.c in Sources */ = {isa = PBXBuildFile; fileRef = 0378C8311CBF8C6C005C2BD1 /* dds_listener.c */; };
		0378C9BD1CBF8D1F005C2BD1 /* dds_log.c in Sources */ = {isa = PBXBuildFile; fileRef = 0378C8321CBF8C6C005C2BD1 /* dds_log.c */; };
		0378C9BE1CBF8D1F005C2BD1 /* dds_participant.c in Sources */ = {isa = PBXBuildFile; fileRef = 0378C8331CBF8C6C005C2BD1 /* dds_participant.c */; };
		0378C9BF1CBF8D1F005C2BD1 /* dds_publisher.c in Sources */ = {isa = PBXBuildFile; fileRef = 0378C8341CBF8C6C005C2BD1 /* dds_publisher.c */; };
		0378C9C01CBF8D1F005C2BD1 /* dds_qos.c in Sources */ = {isa = PBXBuildFile; fileRef = 0378C8351CBF8C6C005C2BD1 /* dds_qos.c */; };
		0378C9C11CBF8D1F005C2BD1 /* dds_querycond.c in Sources */ = {isa = PBXBuildFile; fileRef = 0378C8361CBF8C6C005C2BD1 /* dds_querycond.c */; };
		0378C9C21CBF8D1F005C2BD1 /* dds_read.c in Sources */ = {isa = PBXBuildFile; fileRef = 0378C8371CBF8C6C005C2BD1 /* dds_read.c */; };
		0378C9C31CBF8D1F005C2BD1 /* dds_readcond.c in Sources */ = {isa = PBXBuildFile; fileRef = 0378C8381CBF8C6C005C2BD1 /* dds_readcond.c */; };
		0378C9C41CBF8D1F005C2BD1 /* dds_reader.c in Sources */ = {isa = PBXBuildFile; fileRef = 0378C8391CBF8C6C005C2BD1 /* dds_reader.c */; };
		0378C9C51CBF8D1F005C2BD1 /* dds_rhc.c in Sources */ = {isa = PBXBuildFile; fileRef = 0378C83A1CBF8C6C005C2BD1 /* dds_rhc.c */; };
		0378C9C61CBF8D1F005C2BD1 /* dds_status.c in Sources */ = {isa = PBXBuildFile; fileRef = 0378C83B1CBF8C6C005C2BD1 /* dds_status.c */; };
		0378C9C71CBF8D1F005C2BD1 /* dds_statuscond.c in Sources */ = {isa = PBXBuildFile; fileRef = 0378C83C1CBF8C6C005C2BD1 /* dds_statuscond.c */; };
		0378C9C81CBF8D1F005C2BD1 /* dds_stream.c in Sources */ = {isa = PBXBuildFile; fileRef = 0378C83D1CBF8C6C005C2BD1 /* dds_stream.c */; };
		0378C9C91CBF8D1F005C2BD1 /* dds_subscriber.c in Sources */ = {isa = PBXBuildFile; fileRef = 0378C83E1CBF8C6C005C2BD1 /* dds_subscriber.c */; };
		0378C9CA1CBF8D1F005C2BD1 /* dds_thread.c in Sources */ = {isa = PBXBuildFile; fileRef = 0378C83F1CBF8C6C005C2BD1 /* dds_thread.c */; };
		0378C9CB1CBF8D1F005C2BD1 /* dds_time.c in Sources */ = {isa = PBXBuildFile; fileRef = 0378C8401CBF8C6C005C2BD1 /* dds_time.c */; };
		0378C9CC1CBF8D1F005C2BD1 /* dds_tkmap.c in Sources */ = {isa = PBXBuildFile; fileRef = 0378C8411CBF8C6C005C2BD1 /* dds_tkmap.c */; };
		0378C9CD1CBF8D1F005C2BD1 /* dds_topic.c in Sources */ = {isa = PBXBuildFile; fileRef = 0378C8421CBF8C6C005C2BD1 /* dds_topic.c */; };
		0378C9CE1CBF8D1F005C2BD1 /* dds_waitset.c in Sources */ = {isa = PBXBuildFile; fileRef = 0378C8431CBF8C6C005C2BD1 /* dds_waitset.c */; };
		0378C9CF1CBF8D1F005C2BD1 /* dds_write.c in Sources */ = {isa = PBXBuildFile; fileRef = 0378C8441CBF8C6C005C2BD1 /* dds_write.c */; };
		0378C9D01CBF8D1F005C2BD1 /* dds_writer.c in Sources */ = {isa = PBXBuildFile; fileRef = 0378C8451CBF8C6C005C2BD1 /* dds_writer.c */; };
		0378C9D11CBF8D1F005C2BD1 /* q_osplser.c in Sources */ = {isa = PBXBuildFile; fileRef = 0378C8461CBF8C6C005C2BD1 /* q_osplser.c */; };
		0378C9D31CBF8D2B005C2BD1 /* os_atomics.c in Sources */ = {isa = PBXBuildFile; fileRef = 0378C8671CBF8C6C005C2BD1 /* os_atomics.c */; };
		0378C9D61CBF8D2B005C2BD1 /* os_sync.c in Sources */ = {isa = PBXBuildFile; fileRef = 0378C86A1CBF8C6C005C2BD1 /* os_sync.c */; };
		0378C9D71CBF8D2B005C2BD1 /* os_thread.c in Sources */ = {isa = PBXBuildFile; fileRef = 0378C86B1CBF8C6C005C2BD1 /* os_thread.c */; };
		0378C9D81CBF8D42005C2BD1 /* ut_avl.c in Sources */ = {isa = PBXBuildFile; fileRef = 0378C8D81CBF8C6C005C2BD1 /* ut_avl.c */; };
		0378C9DB1CBF8D42005C2BD1 /* ut_crc.c in Sources */ = {isa = PBXBuildFile; fileRef = 0378C8DB1CBF8C6C005C2BD1 /* ut_crc.c */; };
		0378C9DD1CBF8D42005C2BD1 /* ut_expand_envvars.c in Sources */ = {isa = PBXBuildFile; fileRef = 0378C8DD1CBF8C6C005C2BD1 /* ut_expand_envvars.c */; };
		0378C9DE1CBF8D42005C2BD1 /* ut_fibheap.c in Sources */ = {isa = PBXBuildFile; fileRef = 0378C8DE1CBF8C6C005C2BD1 /* ut_fibheap.c */; };
		0378C9DF1CBF8D42005C2BD1 /* ut_hopscotch.c in Sources */ = {isa = PBXBuildFile; fileRef = 0378C8DF1CBF8C6C005C2BD1 /* ut_hopscotch.c */; };
		0378C9E31CBF8D42005C2BD1 /* ut_thread_pool.c in Sources */ = {isa = PBXBuildFile; fileRef = 0378C8E31CBF8C6C005C2BD1 /* ut_thread_pool.c */; };
		0378C9E91CBF8D42005C2BD1 /* ut_xmlparser.c in Sources */ = {isa = PBXBuildFile; fileRef = 0378C8E91CBF8C6C005C2BD1 /* ut_xmlparser.c */; };
		0378C9EB1CBF8D87005C2BD1 /* os_platform_sync.c in Sources */ = {isa = PBXBuildFile; fileRef = 0378C9EA1CBF8D87005C2BD1 /* os_platform_sync.c */; };
		0378C9ED1CBF8E90005C2BD1 /* os_platform_time.c in Sources */ = {isa = PBXBuildFile; fileRef = 0378C9EC1CBF8E90005C2BD1 /* os_platform_time.c */; };
		0378C9EF1CBF8F01005C2BD1 /* os_time.c in Sources */ = {isa = PBXBuildFile; fileRef = 0378C9EE1CBF8F01005C2BD1 /* os_time.c */; };
		0378CA0F1CBF9A7E005C2BD1 /* ddsp_alloc.h in Headers */ = {isa = PBXBuildFile; fileRef = 0378C9F51CBF9A7E005C2BD1 /* ddsp_alloc.h */; };
		0378CA101CBF9A7E005C2BD1 /* ddsp_error.h in Headers */ = {isa = PBXBuildFile; fileRef = 0378C9F61CBF9A7E005C2BD1 /* ddsp_error.h */; };
		0378CA111CBF9A7E005C2BD1 /* ddsp_impl.h in Headers */ = {isa = PBXBuildFile; fileRef = 0378C9F71CBF9A7E005C2BD1 /* ddsp_impl.h */; };
		0378CA121CBF9A7E005C2BD1 /* ddsp_log.h in Headers */ = {isa = PBXBuildFile; fileRef = 0378C9F81CBF9A7E005C2BD1 /* ddsp_log.h */; };
		0378CA1D1CBF9A7E005C2BD1 /* ddsp_qos.h in Headers */ = {isa = PBXBuildFile; fileRef = 0378CA0A1CBF9A7E005C2BD1 /* ddsp_qos.h */; };
		0378CA1E1CBF9A7E005C2BD1 /* ddsp_status.h in Headers */ = {isa = PBXBuildFile; fileRef = 0378CA0B1CBF9A7E005C2BD1 /* ddsp_status.h */; };
		0378CA1F1CBF9A7E005C2BD1 /* ddsp_stream.h in Headers */ = {isa = PBXBuildFile; fileRef = 0378CA0C1CBF9A7E005C2BD1 /* ddsp_stream.h */; };
		0378CA201CBF9A7E005C2BD1 /* ddsp_time.h in Headers */ = {isa = PBXBuildFile; fileRef = 0378CA0D1CBF9A7E005C2BD1 /* ddsp_time.h */; };
		0378CA211CBF9A7E005C2BD1 /* dds.h in Headers */ = {isa = PBXBuildFile; fileRef = 0378CA0E1CBF9A7E005C2BD1 /* dds.h */; };
		0378CA251CBFB9B4005C2BD1 /* os_platform_stdlib.c in Sources */ = {isa = PBXBuildFile; fileRef = 0378CA241CBFB9B4005C2BD1 /* os_platform_stdlib.c */; };
		0378CA331CBFBD75005C2BD1 /* os_init.c in Sources */ = {isa = PBXBuildFile; fileRef = 0378CA311CBFBD75005C2BD1 /* os_init.c */; };
		0378CA361CBFBDB4005C2BD1 /* os_platform_heap.c in Sources */ = {isa = PBXBuildFile; fileRef = 0378CA341CBFBDB4005C2BD1 /* os_platform_heap.c */; };
		0378CA371CBFBDB4005C2BD1 /* os_platform_init.c in Sources */ = {isa = PBXBuildFile; fileRef = 0378CA351CBFBDB4005C2BD1 /* os_platform_init.c */; };
/* End PBXBuildFile section */

/* Begin PBXFileReference section */
		034518F11CBFBFE000B9D2FD /* os_heap.c */ = {isa = PBXFileReference; fileEncoding = 4; lastKnownFileType = sourcecode.c.c; path = os_heap.c; sourceTree = "<group>"; };
		034518F31CBFC11600B9D2FD /* os_platform_thread.c */ = {isa = PBXFileReference; fileEncoding = 4; lastKnownFileType = sourcecode.c.c; path = os_platform_thread.c; sourceTree = "<group>"; };
		034518F51CBFC13A00B9D2FD /* os_posix_thread.c */ = {isa = PBXFileReference; fileEncoding = 4; lastKnownFileType = sourcecode.c.c; path = os_posix_thread.c; sourceTree = "<group>"; };
		034518F71CBFC2AC00B9D2FD /* os_platform_errno.c */ = {isa = PBXFileReference; fileEncoding = 4; lastKnownFileType = sourcecode.c.c; path = os_platform_errno.c; sourceTree = "<group>"; };
		034518F91CBFC2C300B9D2FD /* os_posix_errno.c */ = {isa = PBXFileReference; fileEncoding = 4; lastKnownFileType = sourcecode.c.c; path = os_posix_errno.c; sourceTree = "<group>"; };
		034518FB1CBFC3FE00B9D2FD /* os_platform_socket.c */ = {isa = PBXFileReference; fileEncoding = 4; lastKnownFileType = sourcecode.c.c; path = os_platform_socket.c; sourceTree = "<group>"; };
		034518FD1CBFC51500B9D2FD /* os_socket.c */ = {isa = PBXFileReference; fileEncoding = 4; lastKnownFileType = sourcecode.c.c; path = os_socket.c; sourceTree = "<group>"; };
		034518FF1CBFC5B600B9D2FD /* os_report.c */ = {isa = PBXFileReference; fileEncoding = 4; lastKnownFileType = sourcecode.c.c; path = os_report.c; sourceTree = "<group>"; };
		034519021CBFC8EE00B9D2FD /* os_posix_stdlib.h */ = {isa = PBXFileReference; fileEncoding = 4; lastKnownFileType = sourcecode.c.h; path = os_posix_stdlib.h; sourceTree = "<group>"; };
		034519041CBFC8FF00B9D2FD /* os_platform_stdlib.h */ = {isa = PBXFileReference; lastKnownFileType = sourcecode.c.h; path = os_platform_stdlib.h; sourceTree = "<group>"; };
		034519051CBFCA4B00B9D2FD /* os_platform_process.c */ = {isa = PBXFileReference; fileEncoding = 4; lastKnownFileType = sourcecode.c.c; path = os_platform_process.c; sourceTree = "<group>"; };
		034519071CBFCA9E00B9D2FD /* os_process.h */ = {isa = PBXFileReference; fileEncoding = 4; lastKnownFileType = sourcecode.c.h; path = os_process.h; sourceTree = "<group>"; };
		034519091CBFCCB600B9D2FD /* os_posix_process.c */ = {isa = PBXFileReference; fileEncoding = 4; lastKnownFileType = sourcecode.c.c; path = os_posix_process.c; sourceTree = "<group>"; };
		0378C7CA1CBF8C6C005C2BD1 /* ddsi_ser.c */ = {isa = PBXFileReference; fileEncoding = 4; lastKnownFileType = sourcecode.c.c; path = ddsi_ser.c; sourceTree = "<group>"; };
		0378C7CB1CBF8C6C005C2BD1 /* ddsi_ssl.c */ = {isa = PBXFileReference; fileEncoding = 4; lastKnownFileType = sourcecode.c.c; path = ddsi_ssl.c; sourceTree = "<group>"; };
		0378C7CC1CBF8C6C005C2BD1 /* ddsi_tcp.c */ = {isa = PBXFileReference; fileEncoding = 4; lastKnownFileType = sourcecode.c.c; path = ddsi_tcp.c; sourceTree = "<group>"; };
		0378C7CD1CBF8C6C005C2BD1 /* ddsi_tran.c */ = {isa = PBXFileReference; fileEncoding = 4; lastKnownFileType = sourcecode.c.c; path = ddsi_tran.c; sourceTree = "<group>"; };
		0378C7CE1CBF8C6C005C2BD1 /* ddsi_udp.c */ = {isa = PBXFileReference; fileEncoding = 4; lastKnownFileType = sourcecode.c.c; path = ddsi_udp.c; sourceTree = "<group>"; };
		0378C7CF1CBF8C6C005C2BD1 /* q_addrset.c */ = {isa = PBXFileReference; fileEncoding = 4; lastKnownFileType = sourcecode.c.c; path = q_addrset.c; sourceTree = "<group>"; };
		0378C7D01CBF8C6C005C2BD1 /* q_bitset_inlines.c */ = {isa = PBXFileReference; fileEncoding = 4; lastKnownFileType = sourcecode.c.c; path = q_bitset_inlines.c; sourceTree = "<group>"; };
		0378C7D11CBF8C6C005C2BD1 /* q_bitset_template.c */ = {isa = PBXFileReference; fileEncoding = 4; lastKnownFileType = sourcecode.c.c; path = q_bitset_template.c; sourceTree = "<group>"; };
		0378C7D21CBF8C6C005C2BD1 /* q_bswap.c */ = {isa = PBXFileReference; fileEncoding = 4; lastKnownFileType = sourcecode.c.c; path = q_bswap.c; sourceTree = "<group>"; };
		0378C7D31CBF8C6C005C2BD1 /* q_bswap_inlines.c */ = {isa = PBXFileReference; fileEncoding = 4; lastKnownFileType = sourcecode.c.c; path = q_bswap_inlines.c; sourceTree = "<group>"; };
		0378C7D41CBF8C6C005C2BD1 /* q_bswap_template.c */ = {isa = PBXFileReference; fileEncoding = 4; lastKnownFileType = sourcecode.c.c; path = q_bswap_template.c; sourceTree = "<group>"; };
		0378C7D51CBF8C6C005C2BD1 /* q_config.c */ = {isa = PBXFileReference; fileEncoding = 4; lastKnownFileType = sourcecode.c.c; path = q_config.c; sourceTree = "<group>"; };
		0378C7D61CBF8C6C005C2BD1 /* q_ddsi_discovery.c */ = {isa = PBXFileReference; fileEncoding = 4; lastKnownFileType = sourcecode.c.c; path = q_ddsi_discovery.c; sourceTree = "<group>"; };
		0378C7D71CBF8C6C005C2BD1 /* q_debmon.c */ = {isa = PBXFileReference; fileEncoding = 4; lastKnownFileType = sourcecode.c.c; path = q_debmon.c; sourceTree = "<group>"; };
		0378C7D81CBF8C6C005C2BD1 /* q_entity.c */ = {isa = PBXFileReference; fileEncoding = 4; lastKnownFileType = sourcecode.c.c; path = q_entity.c; sourceTree = "<group>"; };
		0378C7D91CBF8C6C005C2BD1 /* q_ephash.c */ = {isa = PBXFileReference; fileEncoding = 4; lastKnownFileType = sourcecode.c.c; path = q_ephash.c; sourceTree = "<group>"; };
		0378C7DA1CBF8C6C005C2BD1 /* q_gc.c */ = {isa = PBXFileReference; fileEncoding = 4; lastKnownFileType = sourcecode.c.c; path = q_gc.c; sourceTree = "<group>"; };
		0378C7DB1CBF8C6C005C2BD1 /* q_init.c */ = {isa = PBXFileReference; fileEncoding = 4; lastKnownFileType = sourcecode.c.c; path = q_init.c; sourceTree = "<group>"; };
		0378C7DC1CBF8C6C005C2BD1 /* q_lat_estim.c */ = {isa = PBXFileReference; fileEncoding = 4; lastKnownFileType = sourcecode.c.c; path = q_lat_estim.c; sourceTree = "<group>"; };
		0378C7DD1CBF8C6C005C2BD1 /* q_lease.c */ = {isa = PBXFileReference; fileEncoding = 4; lastKnownFileType = sourcecode.c.c; path = q_lease.c; sourceTree = "<group>"; };
		0378C7DE1CBF8C6C005C2BD1 /* q_log.c */ = {isa = PBXFileReference; fileEncoding = 4; lastKnownFileType = sourcecode.c.c; path = q_log.c; sourceTree = "<group>"; };
		0378C7DF1CBF8C6C005C2BD1 /* q_md5.c */ = {isa = PBXFileReference; fileEncoding = 4; lastKnownFileType = sourcecode.c.c; path = q_md5.c; sourceTree = "<group>"; };
		0378C7E01CBF8C6C005C2BD1 /* q_misc.c */ = {isa = PBXFileReference; fileEncoding = 4; lastKnownFileType = sourcecode.c.c; path = q_misc.c; sourceTree = "<group>"; };
		0378C7E11CBF8C6C005C2BD1 /* q_nwif.c */ = {isa = PBXFileReference; fileEncoding = 4; lastKnownFileType = sourcecode.c.c; path = q_nwif.c; sourceTree = "<group>"; };
		0378C7E21CBF8C6C005C2BD1 /* q_pcap.c */ = {isa = PBXFileReference; fileEncoding = 4; lastKnownFileType = sourcecode.c.c; path = q_pcap.c; sourceTree = "<group>"; };
		0378C7E31CBF8C6C005C2BD1 /* q_plist.c */ = {isa = PBXFileReference; fileEncoding = 4; lastKnownFileType = sourcecode.c.c; path = q_plist.c; sourceTree = "<group>"; };
		0378C7E41CBF8C6C005C2BD1 /* q_qosmatch.c */ = {isa = PBXFileReference; fileEncoding = 4; lastKnownFileType = sourcecode.c.c; path = q_qosmatch.c; sourceTree = "<group>"; };
		0378C7E51CBF8C6C005C2BD1 /* q_radmin.c */ = {isa = PBXFileReference; fileEncoding = 4; lastKnownFileType = sourcecode.c.c; path = q_radmin.c; sourceTree = "<group>"; };
		0378C7E61CBF8C6C005C2BD1 /* q_receive.c */ = {isa = PBXFileReference; fileEncoding = 4; lastKnownFileType = sourcecode.c.c; path = q_receive.c; sourceTree = "<group>"; };
		0378C7E71CBF8C6C005C2BD1 /* q_security.c */ = {isa = PBXFileReference; fileEncoding = 4; lastKnownFileType = sourcecode.c.c; path = q_security.c; sourceTree = "<group>"; };
		0378C7E81CBF8C6C005C2BD1 /* q_servicelease.c */ = {isa = PBXFileReference; fileEncoding = 4; lastKnownFileType = sourcecode.c.c; path = q_servicelease.c; sourceTree = "<group>"; };
		0378C7E91CBF8C6C005C2BD1 /* q_sockwaitset.c */ = {isa = PBXFileReference; fileEncoding = 4; lastKnownFileType = sourcecode.c.c; path = q_sockwaitset.c; sourceTree = "<group>"; };
		0378C7EA1CBF8C6C005C2BD1 /* q_thread.c */ = {isa = PBXFileReference; fileEncoding = 4; lastKnownFileType = sourcecode.c.c; path = q_thread.c; sourceTree = "<group>"; };
		0378C7EB1CBF8C6C005C2BD1 /* q_thread_inlines.c */ = {isa = PBXFileReference; fileEncoding = 4; lastKnownFileType = sourcecode.c.c; path = q_thread_inlines.c; sourceTree = "<group>"; };
		0378C7EC1CBF8C6C005C2BD1 /* q_thread_template.c */ = {isa = PBXFileReference; fileEncoding = 4; lastKnownFileType = sourcecode.c.c; path = q_thread_template.c; sourceTree = "<group>"; };
		0378C7ED1CBF8C6C005C2BD1 /* q_time.c */ = {isa = PBXFileReference; fileEncoding = 4; lastKnownFileType = sourcecode.c.c; path = q_time.c; sourceTree = "<group>"; };
		0378C7EE1CBF8C6C005C2BD1 /* q_transmit.c */ = {isa = PBXFileReference; fileEncoding = 4; lastKnownFileType = sourcecode.c.c; path = q_transmit.c; sourceTree = "<group>"; };
		0378C7EF1CBF8C6C005C2BD1 /* q_whc.c */ = {isa = PBXFileReference; fileEncoding = 4; lastKnownFileType = sourcecode.c.c; path = q_whc.c; sourceTree = "<group>"; };
		0378C7F01CBF8C6C005C2BD1 /* q_xevent.c */ = {isa = PBXFileReference; fileEncoding = 4; lastKnownFileType = sourcecode.c.c; path = q_xevent.c; sourceTree = "<group>"; };
		0378C7F11CBF8C6C005C2BD1 /* q_xmsg.c */ = {isa = PBXFileReference; fileEncoding = 4; lastKnownFileType = sourcecode.c.c; path = q_xmsg.c; sourceTree = "<group>"; };
		0378C7F21CBF8C6C005C2BD1 /* sysdeps.c */ = {isa = PBXFileReference; fileEncoding = 4; lastKnownFileType = sourcecode.c.c; path = sysdeps.c; sourceTree = "<group>"; };
		0378C7F41CBF8C6C005C2BD1 /* ddsi_ser.h */ = {isa = PBXFileReference; fileEncoding = 4; lastKnownFileType = sourcecode.c.h; path = ddsi_ser.h; sourceTree = "<group>"; };
		0378C7F51CBF8C6C005C2BD1 /* ddsi_ssl.h */ = {isa = PBXFileReference; fileEncoding = 4; lastKnownFileType = sourcecode.c.h; path = ddsi_ssl.h; sourceTree = "<group>"; };
		0378C7F61CBF8C6C005C2BD1 /* ddsi_tcp.h */ = {isa = PBXFileReference; fileEncoding = 4; lastKnownFileType = sourcecode.c.h; path = ddsi_tcp.h; sourceTree = "<group>"; };
		0378C7F71CBF8C6C005C2BD1 /* ddsi_tran.h */ = {isa = PBXFileReference; fileEncoding = 4; lastKnownFileType = sourcecode.c.h; path = ddsi_tran.h; sourceTree = "<group>"; };
		0378C7F81CBF8C6C005C2BD1 /* ddsi_udp.h */ = {isa = PBXFileReference; fileEncoding = 4; lastKnownFileType = sourcecode.c.h; path = ddsi_udp.h; sourceTree = "<group>"; };
		0378C7F91CBF8C6C005C2BD1 /* probes-constants.h */ = {isa = PBXFileReference; fileEncoding = 4; lastKnownFileType = sourcecode.c.h; path = "probes-constants.h"; sourceTree = "<group>"; };
		0378C7FA1CBF8C6C005C2BD1 /* q_addrset.h */ = {isa = PBXFileReference; fileEncoding = 4; lastKnownFileType = sourcecode.c.h; path = q_addrset.h; sourceTree = "<group>"; };
		0378C7FB1CBF8C6C005C2BD1 /* q_align.h */ = {isa = PBXFileReference; fileEncoding = 4; lastKnownFileType = sourcecode.c.h; path = q_align.h; sourceTree = "<group>"; };
		0378C7FC1CBF8C6C005C2BD1 /* q_bitset.h */ = {isa = PBXFileReference; fileEncoding = 4; lastKnownFileType = sourcecode.c.h; path = q_bitset.h; sourceTree = "<group>"; };
		0378C7FD1CBF8C6C005C2BD1 /* q_bswap.h */ = {isa = PBXFileReference; fileEncoding = 4; lastKnownFileType = sourcecode.c.h; path = q_bswap.h; sourceTree = "<group>"; };
		0378C7FE1CBF8C6C005C2BD1 /* q_builtin_topic.h */ = {isa = PBXFileReference; fileEncoding = 4; lastKnownFileType = sourcecode.c.h; path = q_builtin_topic.h; sourceTree = "<group>"; };
		0378C7FF1CBF8C6C005C2BD1 /* q_config.h */ = {isa = PBXFileReference; fileEncoding = 4; lastKnownFileType = sourcecode.c.h; path = q_config.h; sourceTree = "<group>"; };
		0378C8001CBF8C6C005C2BD1 /* q_ddsi_discovery.h */ = {isa = PBXFileReference; fileEncoding = 4; lastKnownFileType = sourcecode.c.h; path = q_ddsi_discovery.h; sourceTree = "<group>"; };
		0378C8011CBF8C6C005C2BD1 /* q_debmon.h */ = {isa = PBXFileReference; fileEncoding = 4; lastKnownFileType = sourcecode.c.h; path = q_debmon.h; sourceTree = "<group>"; };
		0378C8021CBF8C6C005C2BD1 /* q_entity.h */ = {isa = PBXFileReference; fileEncoding = 4; lastKnownFileType = sourcecode.c.h; path = q_entity.h; sourceTree = "<group>"; };
		0378C8031CBF8C6C005C2BD1 /* q_ephash.h */ = {isa = PBXFileReference; fileEncoding = 4; lastKnownFileType = sourcecode.c.h; path = q_ephash.h; sourceTree = "<group>"; };
		0378C8041CBF8C6C005C2BD1 /* q_error.h */ = {isa = PBXFileReference; fileEncoding = 4; lastKnownFileType = sourcecode.c.h; path = q_error.h; sourceTree = "<group>"; };
		0378C8051CBF8C6C005C2BD1 /* q_feature_check.h */ = {isa = PBXFileReference; fileEncoding = 4; lastKnownFileType = sourcecode.c.h; path = q_feature_check.h; sourceTree = "<group>"; };
		0378C8061CBF8C6C005C2BD1 /* q_gc.h */ = {isa = PBXFileReference; fileEncoding = 4; lastKnownFileType = sourcecode.c.h; path = q_gc.h; sourceTree = "<group>"; };
		0378C8071CBF8C6C005C2BD1 /* q_globals.h */ = {isa = PBXFileReference; fileEncoding = 4; lastKnownFileType = sourcecode.c.h; path = q_globals.h; sourceTree = "<group>"; };
		0378C8081CBF8C6C005C2BD1 /* q_hbcontrol.h */ = {isa = PBXFileReference; fileEncoding = 4; lastKnownFileType = sourcecode.c.h; path = q_hbcontrol.h; sourceTree = "<group>"; };
		0378C8091CBF8C6C005C2BD1 /* q_inline.h */ = {isa = PBXFileReference; fileEncoding = 4; lastKnownFileType = sourcecode.c.h; path = q_inline.h; sourceTree = "<group>"; };
		0378C80A1CBF8C6C005C2BD1 /* q_lat_estim.h */ = {isa = PBXFileReference; fileEncoding = 4; lastKnownFileType = sourcecode.c.h; path = q_lat_estim.h; sourceTree = "<group>"; };
		0378C80B1CBF8C6C005C2BD1 /* q_lease.h */ = {isa = PBXFileReference; fileEncoding = 4; lastKnownFileType = sourcecode.c.h; path = q_lease.h; sourceTree = "<group>"; };
		0378C80C1CBF8C6C005C2BD1 /* q_log.h */ = {isa = PBXFileReference; fileEncoding = 4; lastKnownFileType = sourcecode.c.h; path = q_log.h; sourceTree = "<group>"; };
		0378C80D1CBF8C6C005C2BD1 /* q_md5.h */ = {isa = PBXFileReference; fileEncoding = 4; lastKnownFileType = sourcecode.c.h; path = q_md5.h; sourceTree = "<group>"; };
		0378C80E1CBF8C6C005C2BD1 /* q_misc.h */ = {isa = PBXFileReference; fileEncoding = 4; lastKnownFileType = sourcecode.c.h; path = q_misc.h; sourceTree = "<group>"; };
		0378C80F1CBF8C6C005C2BD1 /* q_nwif.h */ = {isa = PBXFileReference; fileEncoding = 4; lastKnownFileType = sourcecode.c.h; path = q_nwif.h; sourceTree = "<group>"; };
		0378C8101CBF8C6C005C2BD1 /* q_pcap.h */ = {isa = PBXFileReference; fileEncoding = 4; lastKnownFileType = sourcecode.c.h; path = q_pcap.h; sourceTree = "<group>"; };
		0378C8111CBF8C6C005C2BD1 /* q_plist.h */ = {isa = PBXFileReference; fileEncoding = 4; lastKnownFileType = sourcecode.c.h; path = q_plist.h; sourceTree = "<group>"; };
		0378C8121CBF8C6C005C2BD1 /* q_protocol.h */ = {isa = PBXFileReference; fileEncoding = 4; lastKnownFileType = sourcecode.c.h; path = q_protocol.h; sourceTree = "<group>"; };
		0378C8131CBF8C6C005C2BD1 /* q_qosmatch.h */ = {isa = PBXFileReference; fileEncoding = 4; lastKnownFileType = sourcecode.c.h; path = q_qosmatch.h; sourceTree = "<group>"; };
		0378C8141CBF8C6C005C2BD1 /* q_radmin.h */ = {isa = PBXFileReference; fileEncoding = 4; lastKnownFileType = sourcecode.c.h; path = q_radmin.h; sourceTree = "<group>"; };
		0378C8151CBF8C6C005C2BD1 /* q_receive.h */ = {isa = PBXFileReference; fileEncoding = 4; lastKnownFileType = sourcecode.c.h; path = q_receive.h; sourceTree = "<group>"; };
		0378C8161CBF8C6C005C2BD1 /* q_rtps.h */ = {isa = PBXFileReference; fileEncoding = 4; lastKnownFileType = sourcecode.c.h; path = q_rtps.h; sourceTree = "<group>"; };
		0378C8171CBF8C6C005C2BD1 /* q_security.h */ = {isa = PBXFileReference; fileEncoding = 4; lastKnownFileType = sourcecode.c.h; path = q_security.h; sourceTree = "<group>"; };
		0378C8181CBF8C6C005C2BD1 /* q_servicelease.h */ = {isa = PBXFileReference; fileEncoding = 4; lastKnownFileType = sourcecode.c.h; path = q_servicelease.h; sourceTree = "<group>"; };
		0378C8191CBF8C6C005C2BD1 /* q_sockwaitset.h */ = {isa = PBXFileReference; fileEncoding = 4; lastKnownFileType = sourcecode.c.h; path = q_sockwaitset.h; sourceTree = "<group>"; };
		0378C81A1CBF8C6C005C2BD1 /* q_static_assert.h */ = {isa = PBXFileReference; fileEncoding = 4; lastKnownFileType = sourcecode.c.h; path = q_static_assert.h; sourceTree = "<group>"; };
		0378C81B1CBF8C6C005C2BD1 /* q_thread.h */ = {isa = PBXFileReference; fileEncoding = 4; lastKnownFileType = sourcecode.c.h; path = q_thread.h; sourceTree = "<group>"; };
		0378C81C1CBF8C6C005C2BD1 /* q_time.h */ = {isa = PBXFileReference; fileEncoding = 4; lastKnownFileType = sourcecode.c.h; path = q_time.h; sourceTree = "<group>"; };
		0378C81D1CBF8C6C005C2BD1 /* q_transmit.h */ = {isa = PBXFileReference; fileEncoding = 4; lastKnownFileType = sourcecode.c.h; path = q_transmit.h; sourceTree = "<group>"; };
		0378C81E1CBF8C6C005C2BD1 /* q_unused.h */ = {isa = PBXFileReference; fileEncoding = 4; lastKnownFileType = sourcecode.c.h; path = q_unused.h; sourceTree = "<group>"; };
		0378C81F1CBF8C6C005C2BD1 /* q_whc.h */ = {isa = PBXFileReference; fileEncoding = 4; lastKnownFileType = sourcecode.c.h; path = q_whc.h; sourceTree = "<group>"; };
		0378C8201CBF8C6C005C2BD1 /* q_xevent.h */ = {isa = PBXFileReference; fileEncoding = 4; lastKnownFileType = sourcecode.c.h; path = q_xevent.h; sourceTree = "<group>"; };
		0378C8211CBF8C6C005C2BD1 /* q_xmsg.h */ = {isa = PBXFileReference; fileEncoding = 4; lastKnownFileType = sourcecode.c.h; path = q_xmsg.h; sourceTree = "<group>"; };
		0378C8221CBF8C6C005C2BD1 /* q_xqos.h */ = {isa = PBXFileReference; fileEncoding = 4; lastKnownFileType = sourcecode.c.h; path = q_xqos.h; sourceTree = "<group>"; };
		0378C8231CBF8C6C005C2BD1 /* sysdeps.h */ = {isa = PBXFileReference; fileEncoding = 4; lastKnownFileType = sourcecode.c.h; path = sysdeps.h; sourceTree = "<group>"; };
		0378C8261CBF8C6C005C2BD1 /* dds_alloc.c */ = {isa = PBXFileReference; fileEncoding = 4; lastKnownFileType = sourcecode.c.c; path = dds_alloc.c; sourceTree = "<group>"; };
		0378C8271CBF8C6C005C2BD1 /* dds_condition.c */ = {isa = PBXFileReference; fileEncoding = 4; lastKnownFileType = sourcecode.c.c; path = dds_condition.c; sourceTree = "<group>"; };
		0378C8281CBF8C6C005C2BD1 /* dds_domain.c */ = {isa = PBXFileReference; fileEncoding = 4; lastKnownFileType = sourcecode.c.c; path = dds_domain.c; sourceTree = "<group>"; };
		0378C8291CBF8C6C005C2BD1 /* dds_entity.c */ = {isa = PBXFileReference; fileEncoding = 4; lastKnownFileType = sourcecode.c.c; path = dds_entity.c; sourceTree = "<group>"; };
		0378C82A1CBF8C6C005C2BD1 /* dds_err.c */ = {isa = PBXFileReference; fileEncoding = 4; lastKnownFileType = sourcecode.c.c; path = dds_err.c; sourceTree = "<group>"; };
		0378C82B1CBF8C6C005C2BD1 /* dds_guardcond.c */ = {isa = PBXFileReference; fileEncoding = 4; lastKnownFileType = sourcecode.c.c; path = dds_guardcond.c; sourceTree = "<group>"; };
		0378C82D1CBF8C6C005C2BD1 /* dds_iid.c */ = {isa = PBXFileReference; fileEncoding = 4; lastKnownFileType = sourcecode.c.c; path = dds_iid.c; sourceTree = "<group>"; };
		0378C82E1CBF8C6C005C2BD1 /* dds_init.c */ = {isa = PBXFileReference; fileEncoding = 4; lastKnownFileType = sourcecode.c.c; path = dds_init.c; sourceTree = "<group>"; };
		0378C82F1CBF8C6C005C2BD1 /* dds_instance.c */ = {isa = PBXFileReference; fileEncoding = 4; lastKnownFileType = sourcecode.c.c; path = dds_instance.c; sourceTree = "<group>"; };
		0378C8301CBF8C6C005C2BD1 /* dds_key.c */ = {isa = PBXFileReference; fileEncoding = 4; lastKnownFileType = sourcecode.c.c; path = dds_key.c; sourceTree = "<group>"; };
		0378C8311CBF8C6C005C2BD1 /* dds_listener.c */ = {isa = PBXFileReference; fileEncoding = 4; lastKnownFileType = sourcecode.c.c; path = dds_listener.c; sourceTree = "<group>"; };
		0378C8321CBF8C6C005C2BD1 /* dds_log.c */ = {isa = PBXFileReference; fileEncoding = 4; lastKnownFileType = sourcecode.c.c; path = dds_log.c; sourceTree = "<group>"; };
		0378C8331CBF8C6C005C2BD1 /* dds_participant.c */ = {isa = PBXFileReference; fileEncoding = 4; lastKnownFileType = sourcecode.c.c; path = dds_participant.c; sourceTree = "<group>"; };
		0378C8341CBF8C6C005C2BD1 /* dds_publisher.c */ = {isa = PBXFileReference; fileEncoding = 4; lastKnownFileType = sourcecode.c.c; path = dds_publisher.c; sourceTree = "<group>"; };
		0378C8351CBF8C6C005C2BD1 /* dds_qos.c */ = {isa = PBXFileReference; fileEncoding = 4; lastKnownFileType = sourcecode.c.c; path = dds_qos.c; sourceTree = "<group>"; };
		0378C8361CBF8C6C005C2BD1 /* dds_querycond.c */ = {isa = PBXFileReference; fileEncoding = 4; lastKnownFileType = sourcecode.c.c; path = dds_querycond.c; sourceTree = "<group>"; };
		0378C8371CBF8C6C005C2BD1 /* dds_read.c */ = {isa = PBXFileReference; fileEncoding = 4; lastKnownFileType = sourcecode.c.c; path = dds_read.c; sourceTree = "<group>"; };
		0378C8381CBF8C6C005C2BD1 /* dds_readcond.c */ = {isa = PBXFileReference; fileEncoding = 4; lastKnownFileType = sourcecode.c.c; path = dds_readcond.c; sourceTree = "<group>"; };
		0378C8391CBF8C6C005C2BD1 /* dds_reader.c */ = {isa = PBXFileReference; fileEncoding = 4; lastKnownFileType = sourcecode.c.c; path = dds_reader.c; sourceTree = "<group>"; };
		0378C83A1CBF8C6C005C2BD1 /* dds_rhc.c */ = {isa = PBXFileReference; fileEncoding = 4; lastKnownFileType = sourcecode.c.c; path = dds_rhc.c; sourceTree = "<group>"; };
		0378C83B1CBF8C6C005C2BD1 /* dds_status.c */ = {isa = PBXFileReference; fileEncoding = 4; lastKnownFileType = sourcecode.c.c; path = dds_status.c; sourceTree = "<group>"; };
		0378C83C1CBF8C6C005C2BD1 /* dds_statuscond.c */ = {isa = PBXFileReference; fileEncoding = 4; lastKnownFileType = sourcecode.c.c; path = dds_statuscond.c; sourceTree = "<group>"; };
		0378C83D1CBF8C6C005C2BD1 /* dds_stream.c */ = {isa = PBXFileReference; fileEncoding = 4; lastKnownFileType = sourcecode.c.c; path = dds_stream.c; sourceTree = "<group>"; };
		0378C83E1CBF8C6C005C2BD1 /* dds_subscriber.c */ = {isa = PBXFileReference; fileEncoding = 4; lastKnownFileType = sourcecode.c.c; path = dds_subscriber.c; sourceTree = "<group>"; };
		0378C83F1CBF8C6C005C2BD1 /* dds_thread.c */ = {isa = PBXFileReference; fileEncoding = 4; lastKnownFileType = sourcecode.c.c; path = dds_thread.c; sourceTree = "<group>"; };
		0378C8401CBF8C6C005C2BD1 /* dds_time.c */ = {isa = PBXFileReference; fileEncoding = 4; lastKnownFileType = sourcecode.c.c; path = dds_time.c; sourceTree = "<group>"; };
		0378C8411CBF8C6C005C2BD1 /* dds_tkmap.c */ = {isa = PBXFileReference; fileEncoding = 4; lastKnownFileType = sourcecode.c.c; path = dds_tkmap.c; sourceTree = "<group>"; };
		0378C8421CBF8C6C005C2BD1 /* dds_topic.c */ = {isa = PBXFileReference; fileEncoding = 4; lastKnownFileType = sourcecode.c.c; path = dds_topic.c; sourceTree = "<group>"; };
		0378C8431CBF8C6C005C2BD1 /* dds_waitset.c */ = {isa = PBXFileReference; fileEncoding = 4; lastKnownFileType = sourcecode.c.c; path = dds_waitset.c; sourceTree = "<group>"; };
		0378C8441CBF8C6C005C2BD1 /* dds_write.c */ = {isa = PBXFileReference; fileEncoding = 4; lastKnownFileType = sourcecode.c.c; path = dds_write.c; sourceTree = "<group>"; };
		0378C8451CBF8C6C005C2BD1 /* dds_writer.c */ = {isa = PBXFileReference; fileEncoding = 4; lastKnownFileType = sourcecode.c.c; path = dds_writer.c; sourceTree = "<group>"; };
		0378C8461CBF8C6C005C2BD1 /* q_osplser.c */ = {isa = PBXFileReference; fileEncoding = 4; lastKnownFileType = sourcecode.c.c; path = q_osplser.c; sourceTree = "<group>"; };
		0378C8491CBF8C6C005C2BD1 /* dds_alloc.h */ = {isa = PBXFileReference; fileEncoding = 4; lastKnownFileType = sourcecode.c.h; path = dds_alloc.h; sourceTree = "<group>"; };
		0378C84A1CBF8C6C005C2BD1 /* dds_condition.h */ = {isa = PBXFileReference; fileEncoding = 4; lastKnownFileType = sourcecode.c.h; path = dds_condition.h; sourceTree = "<group>"; };
		0378C84B1CBF8C6C005C2BD1 /* dds_domain.h */ = {isa = PBXFileReference; fileEncoding = 4; lastKnownFileType = sourcecode.c.h; path = dds_domain.h; sourceTree = "<group>"; };
		0378C84C1CBF8C6C005C2BD1 /* dds_entity.h */ = {isa = PBXFileReference; fileEncoding = 4; lastKnownFileType = sourcecode.c.h; path = dds_entity.h; sourceTree = "<group>"; };
		0378C84D1CBF8C6C005C2BD1 /* dds_export.h */ = {isa = PBXFileReference; fileEncoding = 4; lastKnownFileType = sourcecode.c.h; path = dds_export.h; sourceTree = "<group>"; };
		0378C84E1CBF8C6C005C2BD1 /* dds_guardcond.h */ = {isa = PBXFileReference; fileEncoding = 4; lastKnownFileType = sourcecode.c.h; path = dds_guardcond.h; sourceTree = "<group>"; };
		0378C8501CBF8C6C005C2BD1 /* dds_iid.h */ = {isa = PBXFileReference; fileEncoding = 4; lastKnownFileType = sourcecode.c.h; path = dds_iid.h; sourceTree = "<group>"; };
		0378C8511CBF8C6C005C2BD1 /* dds_init.h */ = {isa = PBXFileReference; fileEncoding = 4; lastKnownFileType = sourcecode.c.h; path = dds_init.h; sourceTree = "<group>"; };
		0378C8521CBF8C6C005C2BD1 /* dds_key.h */ = {isa = PBXFileReference; fileEncoding = 4; lastKnownFileType = sourcecode.c.h; path = dds_key.h; sourceTree = "<group>"; };
		0378C8531CBF8C6C005C2BD1 /* dds_listener.h */ = {isa = PBXFileReference; fileEncoding = 4; lastKnownFileType = sourcecode.c.h; path = dds_listener.h; sourceTree = "<group>"; };
		0378C8541CBF8C6C005C2BD1 /* dds_participant.h */ = {isa = PBXFileReference; fileEncoding = 4; lastKnownFileType = sourcecode.c.h; path = dds_participant.h; sourceTree = "<group>"; };
		0378C8551CBF8C6C005C2BD1 /* dds_qos.h */ = {isa = PBXFileReference; fileEncoding = 4; lastKnownFileType = sourcecode.c.h; path = dds_qos.h; sourceTree = "<group>"; };
		0378C8561CBF8C6C005C2BD1 /* dds_querycond.h */ = {isa = PBXFileReference; fileEncoding = 4; lastKnownFileType = sourcecode.c.h; path = dds_querycond.h; sourceTree = "<group>"; };
		0378C8571CBF8C6C005C2BD1 /* dds_readcond.h */ = {isa = PBXFileReference; fileEncoding = 4; lastKnownFileType = sourcecode.c.h; path = dds_readcond.h; sourceTree = "<group>"; };
		0378C8581CBF8C6C005C2BD1 /* dds_reader.h */ = {isa = PBXFileReference; fileEncoding = 4; lastKnownFileType = sourcecode.c.h; path = dds_reader.h; sourceTree = "<group>"; };
		0378C8591CBF8C6C005C2BD1 /* dds_rhc.h */ = {isa = PBXFileReference; fileEncoding = 4; lastKnownFileType = sourcecode.c.h; path = dds_rhc.h; sourceTree = "<group>"; };
		0378C85A1CBF8C6C005C2BD1 /* dds_status.h */ = {isa = PBXFileReference; fileEncoding = 4; lastKnownFileType = sourcecode.c.h; path = dds_status.h; sourceTree = "<group>"; };
		0378C85B1CBF8C6C005C2BD1 /* dds_statuscond.h */ = {isa = PBXFileReference; fileEncoding = 4; lastKnownFileType = sourcecode.c.h; path = dds_statuscond.h; sourceTree = "<group>"; };
		0378C85C1CBF8C6C005C2BD1 /* dds_stream.h */ = {isa = PBXFileReference; fileEncoding = 4; lastKnownFileType = sourcecode.c.h; path = dds_stream.h; sourceTree = "<group>"; };
		0378C85D1CBF8C6C005C2BD1 /* dds_tkmap.h */ = {isa = PBXFileReference; fileEncoding = 4; lastKnownFileType = sourcecode.c.h; path = dds_tkmap.h; sourceTree = "<group>"; };
		0378C85E1CBF8C6C005C2BD1 /* dds_topic.h */ = {isa = PBXFileReference; fileEncoding = 4; lastKnownFileType = sourcecode.c.h; path = dds_topic.h; sourceTree = "<group>"; };
		0378C85F1CBF8C6C005C2BD1 /* dds_types.h */ = {isa = PBXFileReference; fileEncoding = 4; lastKnownFileType = sourcecode.c.h; path = dds_types.h; sourceTree = "<group>"; };
		0378C8601CBF8C6C005C2BD1 /* dds_waitset.h */ = {isa = PBXFileReference; fileEncoding = 4; lastKnownFileType = sourcecode.c.h; path = dds_waitset.h; sourceTree = "<group>"; };
		0378C8611CBF8C6C005C2BD1 /* dds_write.h */ = {isa = PBXFileReference; fileEncoding = 4; lastKnownFileType = sourcecode.c.h; path = dds_write.h; sourceTree = "<group>"; };
		0378C8621CBF8C6C005C2BD1 /* dds_writer.h */ = {isa = PBXFileReference; fileEncoding = 4; lastKnownFileType = sourcecode.c.h; path = dds_writer.h; sourceTree = "<group>"; };
		0378C8631CBF8C6C005C2BD1 /* q_osplser.h */ = {isa = PBXFileReference; fileEncoding = 4; lastKnownFileType = sourcecode.c.h; path = q_osplser.h; sourceTree = "<group>"; };
		0378C8671CBF8C6C005C2BD1 /* os_atomics.c */ = {isa = PBXFileReference; fileEncoding = 4; lastKnownFileType = sourcecode.c.c; path = os_atomics.c; sourceTree = "<group>"; };
		0378C86A1CBF8C6C005C2BD1 /* os_sync.c */ = {isa = PBXFileReference; fileEncoding = 4; lastKnownFileType = sourcecode.c.c; path = os_sync.c; sourceTree = "<group>"; };
		0378C86B1CBF8C6C005C2BD1 /* os_thread.c */ = {isa = PBXFileReference; fileEncoding = 4; lastKnownFileType = sourcecode.c.c; path = os_thread.c; sourceTree = "<group>"; };
		0378C86F1CBF8C6C005C2BD1 /* os_platform.h */ = {isa = PBXFileReference; fileEncoding = 4; lastKnownFileType = sourcecode.c.h; path = os_platform.h; sourceTree = "<group>"; };
		0378C8701CBF8C6C005C2BD1 /* os_platform_socket.h */ = {isa = PBXFileReference; fileEncoding = 4; lastKnownFileType = sourcecode.c.h; path = os_platform_socket.h; sourceTree = "<group>"; };
		0378C8711CBF8C6C005C2BD1 /* os_platform_sync.h */ = {isa = PBXFileReference; fileEncoding = 4; lastKnownFileType = sourcecode.c.h; path = os_platform_sync.h; sourceTree = "<group>"; };
		0378C8721CBF8C6C005C2BD1 /* os_platform_thread.h */ = {isa = PBXFileReference; fileEncoding = 4; lastKnownFileType = sourcecode.c.h; path = os_platform_thread.h; sourceTree = "<group>"; };
		0378C8741CBF8C6C005C2BD1 /* os.h */ = {isa = PBXFileReference; fileEncoding = 4; lastKnownFileType = sourcecode.c.h; path = os.h; sourceTree = "<group>"; };
		0378C8751CBF8C6C005C2BD1 /* os_atomics.h */ = {isa = PBXFileReference; fileEncoding = 4; lastKnownFileType = sourcecode.c.h; path = os_atomics.h; sourceTree = "<group>"; };
		0378C8761CBF8C6C005C2BD1 /* os_atomics_gcc.h */ = {isa = PBXFileReference; fileEncoding = 4; lastKnownFileType = sourcecode.c.h; path = os_atomics_gcc.h; sourceTree = "<group>"; };
		0378C8771CBF8C6C005C2BD1 /* os_decl_attributes.h */ = {isa = PBXFileReference; fileEncoding = 4; lastKnownFileType = sourcecode.c.h; path = os_decl_attributes.h; sourceTree = "<group>"; };
		0378C8781CBF8C6C005C2BD1 /* os_decl_attributes_sal.h */ = {isa = PBXFileReference; fileEncoding = 4; lastKnownFileType = sourcecode.c.h; path = os_decl_attributes_sal.h; sourceTree = "<group>"; };
		0378C8791CBF8C6C005C2BD1 /* os_defs.h */ = {isa = PBXFileReference; fileEncoding = 4; lastKnownFileType = sourcecode.c.h; path = os_defs.h; sourceTree = "<group>"; };
		0378C87A1CBF8C6C005C2BD1 /* os_heap.h */ = {isa = PBXFileReference; fileEncoding = 4; lastKnownFileType = sourcecode.c.h; path = os_heap.h; sourceTree = "<group>"; };
		0378C87B1CBF8C6C005C2BD1 /* os_public.h */ = {isa = PBXFileReference; fileEncoding = 4; lastKnownFileType = sourcecode.c.h; path = os_public.h; sourceTree = "<group>"; };
		0378C87C1CBF8C6C005C2BD1 /* os_socket.h */ = {isa = PBXFileReference; fileEncoding = 4; lastKnownFileType = sourcecode.c.h; path = os_socket.h; sourceTree = "<group>"; };
		0378C87D1CBF8C6C005C2BD1 /* os_sync.h */ = {isa = PBXFileReference; fileEncoding = 4; lastKnownFileType = sourcecode.c.h; path = os_sync.h; sourceTree = "<group>"; };
		0378C87E1CBF8C6C005C2BD1 /* os_thread.h */ = {isa = PBXFileReference; fileEncoding = 4; lastKnownFileType = sourcecode.c.h; path = os_thread.h; sourceTree = "<group>"; };
		0378C87F1CBF8C6C005C2BD1 /* os_time.h */ = {isa = PBXFileReference; fileEncoding = 4; lastKnownFileType = sourcecode.c.h; path = os_time.h; sourceTree = "<group>"; };
		0378C8D81CBF8C6C005C2BD1 /* ut_avl.c */ = {isa = PBXFileReference; fileEncoding = 4; lastKnownFileType = sourcecode.c.c; path = ut_avl.c; sourceTree = "<group>"; };
		0378C8DB1CBF8C6C005C2BD1 /* ut_crc.c */ = {isa = PBXFileReference; fileEncoding = 4; lastKnownFileType = sourcecode.c.c; path = ut_crc.c; sourceTree = "<group>"; };
		0378C8DD1CBF8C6C005C2BD1 /* ut_expand_envvars.c */ = {isa = PBXFileReference; fileEncoding = 4; lastKnownFileType = sourcecode.c.c; path = ut_expand_envvars.c; sourceTree = "<group>"; };
		0378C8DE1CBF8C6C005C2BD1 /* ut_fibheap.c */ = {isa = PBXFileReference; fileEncoding = 4; lastKnownFileType = sourcecode.c.c; path = ut_fibheap.c; sourceTree = "<group>"; };
		0378C8DF1CBF8C6C005C2BD1 /* ut_hopscotch.c */ = {isa = PBXFileReference; fileEncoding = 4; lastKnownFileType = sourcecode.c.c; path = ut_hopscotch.c; sourceTree = "<group>"; };
		0378C8E31CBF8C6C005C2BD1 /* ut_thread_pool.c */ = {isa = PBXFileReference; fileEncoding = 4; lastKnownFileType = sourcecode.c.c; path = ut_thread_pool.c; sourceTree = "<group>"; };
		0378C8E91CBF8C6C005C2BD1 /* ut_xmlparser.c */ = {isa = PBXFileReference; fileEncoding = 4; lastKnownFileType = sourcecode.c.c; path = ut_xmlparser.c; sourceTree = "<group>"; };
		0378C8EB1CBF8C6C005C2BD1 /* ut_avl.h */ = {isa = PBXFileReference; fileEncoding = 4; lastKnownFileType = sourcecode.c.h; path = ut_avl.h; sourceTree = "<group>"; };
		0378C8EE1CBF8C6C005C2BD1 /* ut_crc.h */ = {isa = PBXFileReference; fileEncoding = 4; lastKnownFileType = sourcecode.c.h; path = ut_crc.h; sourceTree = "<group>"; };
		0378C8F01CBF8C6C005C2BD1 /* ut_expand_envvars.h */ = {isa = PBXFileReference; fileEncoding = 4; lastKnownFileType = sourcecode.c.h; path = ut_expand_envvars.h; sourceTree = "<group>"; };
		0378C8F11CBF8C6C005C2BD1 /* ut_fibheap.h */ = {isa = PBXFileReference; fileEncoding = 4; lastKnownFileType = sourcecode.c.h; path = ut_fibheap.h; sourceTree = "<group>"; };
		0378C8F21CBF8C6C005C2BD1 /* ut_hopscotch.h */ = {isa = PBXFileReference; fileEncoding = 4; lastKnownFileType = sourcecode.c.h; path = ut_hopscotch.h; sourceTree = "<group>"; };
		0378C8F71CBF8C6D005C2BD1 /* ut_thread_pool.h */ = {isa = PBXFileReference; fileEncoding = 4; lastKnownFileType = sourcecode.c.h; path = ut_thread_pool.h; sourceTree = "<group>"; };
		0378C8FA1CBF8C6D005C2BD1 /* ut_xmlparser.h */ = {isa = PBXFileReference; fileEncoding = 4; lastKnownFileType = sourcecode.c.h; path = ut_xmlparser.h; sourceTree = "<group>"; };
		0378C9841CBF8CD9005C2BD1 /* liblibvdds.dylib */ = {isa = PBXFileReference; explicitFileType = "compiled.mach-o.dylib"; includeInIndex = 0; path = liblibvdds.dylib; sourceTree = BUILT_PRODUCTS_DIR; };
		0378C9EA1CBF8D87005C2BD1 /* os_platform_sync.c */ = {isa = PBXFileReference; fileEncoding = 4; lastKnownFileType = sourcecode.c.c; path = os_platform_sync.c; sourceTree = "<group>"; };
		0378C9EC1CBF8E90005C2BD1 /* os_platform_time.c */ = {isa = PBXFileReference; fileEncoding = 4; lastKnownFileType = sourcecode.c.c; path = os_platform_time.c; sourceTree = "<group>"; };
		0378C9EE1CBF8F01005C2BD1 /* os_time.c */ = {isa = PBXFileReference; fileEncoding = 4; lastKnownFileType = sourcecode.c.c; path = os_time.c; sourceTree = "<group>"; };
		0378C9F01CBF9141005C2BD1 /* os_platform_public.h */ = {isa = PBXFileReference; lastKnownFileType = sourcecode.c.h; path = os_platform_public.h; sourceTree = "<group>"; };
		0378C9F11CBF956C005C2BD1 /* os_stdlib.h */ = {isa = PBXFileReference; lastKnownFileType = sourcecode.c.h; path = os_stdlib.h; sourceTree = "<group>"; };
		0378C9F21CBF963A005C2BD1 /* os_report.h */ = {isa = PBXFileReference; lastKnownFileType = sourcecode.c.h; path = os_report.h; sourceTree = "<group>"; };
		0378C9F51CBF9A7E005C2BD1 /* ddsp_alloc.h */ = {isa = PBXFileReference; fileEncoding = 4; lastKnownFileType = sourcecode.c.h; path = ddsp_alloc.h; sourceTree = "<group>"; };
		0378C9F61CBF9A7E005C2BD1 /* ddsp_error.h */ = {isa = PBXFileReference; fileEncoding = 4; lastKnownFileType = sourcecode.c.h; path = ddsp_error.h; sourceTree = "<group>"; };
		0378C9F71CBF9A7E005C2BD1 /* ddsp_impl.h */ = {isa = PBXFileReference; fileEncoding = 4; lastKnownFileType = sourcecode.c.h; path = ddsp_impl.h; sourceTree = "<group>"; };
		0378C9F81CBF9A7E005C2BD1 /* ddsp_log.h */ = {isa = PBXFileReference; fileEncoding = 4; lastKnownFileType = sourcecode.c.h; path = ddsp_log.h; sourceTree = "<group>"; };
		0378CA0A1CBF9A7E005C2BD1 /* ddsp_qos.h */ = {isa = PBXFileReference; fileEncoding = 4; lastKnownFileType = sourcecode.c.h; path = ddsp_qos.h; sourceTree = "<group>"; };
		0378CA0B1CBF9A7E005C2BD1 /* ddsp_status.h */ = {isa = PBXFileReference; fileEncoding = 4; lastKnownFileType = sourcecode.c.h; path = ddsp_status.h; sourceTree = "<group>"; };
		0378CA0C1CBF9A7E005C2BD1 /* ddsp_stream.h */ = {isa = PBXFileReference; fileEncoding = 4; lastKnownFileType = sourcecode.c.h; path = ddsp_stream.h; sourceTree = "<group>"; };
		0378CA0D1CBF9A7E005C2BD1 /* ddsp_time.h */ = {isa = PBXFileReference; fileEncoding = 4; lastKnownFileType = sourcecode.c.h; path = ddsp_time.h; sourceTree = "<group>"; };
		0378CA0E1CBF9A7E005C2BD1 /* dds.h */ = {isa = PBXFileReference; fileEncoding = 4; lastKnownFileType = sourcecode.c.h; path = dds.h; sourceTree = "<group>"; };
		0378CA221CBFA122005C2BD1 /* os_init.h */ = {isa = PBXFileReference; lastKnownFileType = sourcecode.c.h; path = os_init.h; sourceTree = "<group>"; };
		0378CA231CBFAB75005C2BD1 /* os_errno.h */ = {isa = PBXFileReference; lastKnownFileType = sourcecode.c.h; path = os_errno.h; sourceTree = "<group>"; };
		0378CA241CBFB9B4005C2BD1 /* os_platform_stdlib.c */ = {isa = PBXFileReference; fileEncoding = 4; lastKnownFileType = sourcecode.c.c; path = os_platform_stdlib.c; sourceTree = "<group>"; };
		0378CA281CBFBA21005C2BD1 /* os_gethostname.c */ = {isa = PBXFileReference; lastKnownFileType = sourcecode.c.c; path = os_gethostname.c; sourceTree = "<group>"; };
		0378CA291CBFBA21005C2BD1 /* os_stdlib.c */ = {isa = PBXFileReference; lastKnownFileType = sourcecode.c.c; path = os_stdlib.c; sourceTree = "<group>"; };
		0378CA2A1CBFBA21005C2BD1 /* os_stdlib_bsearch.c */ = {isa = PBXFileReference; lastKnownFileType = sourcecode.c.c; path = os_stdlib_bsearch.c; sourceTree = "<group>"; };
		0378CA2B1CBFBA21005C2BD1 /* os_stdlib_strtod.c */ = {isa = PBXFileReference; lastKnownFileType = sourcecode.c.c; path = os_stdlib_strtod.c; sourceTree = "<group>"; };
		0378CA2C1CBFBA21005C2BD1 /* os_stdlib_strtok_r.c */ = {isa = PBXFileReference; lastKnownFileType = sourcecode.c.c; path = os_stdlib_strtok_r.c; sourceTree = "<group>"; };
		0378CA2D1CBFBA21005C2BD1 /* os_stdlib_strtol.c */ = {isa = PBXFileReference; lastKnownFileType = sourcecode.c.c; path = os_stdlib_strtol.c; sourceTree = "<group>"; };
		0378CA2F1CBFBA80005C2BD1 /* os_stdlib_strsep.c */ = {isa = PBXFileReference; lastKnownFileType = sourcecode.c.c; path = os_stdlib_strsep.c; sourceTree = "<group>"; };
		0378CA311CBFBD75005C2BD1 /* os_init.c */ = {isa = PBXFileReference; fileEncoding = 4; lastKnownFileType = sourcecode.c.c; path = os_init.c; sourceTree = "<group>"; };
		0378CA341CBFBDB4005C2BD1 /* os_platform_heap.c */ = {isa = PBXFileReference; fileEncoding = 4; lastKnownFileType = sourcecode.c.c; path = os_platform_heap.c; sourceTree = "<group>"; };
		0378CA351CBFBDB4005C2BD1 /* os_platform_init.c */ = {isa = PBXFileReference; fileEncoding = 4; lastKnownFileType = sourcecode.c.c; path = os_platform_init.c; sourceTree = "<group>"; };
/* End PBXFileReference section */

/* Begin PBXFrameworksBuildPhase section */
		0378C9811CBF8CD9005C2BD1 /* Frameworks */ = {
			isa = PBXFrameworksBuildPhase;
			buildActionMask = 2147483647;
			files = (
			);
			runOnlyForDeploymentPostprocessing = 0;
		};
/* End PBXFrameworksBuildPhase section */

/* Begin PBXGroup section */
		034519011CBFC8EE00B9D2FD /* include */ = {
			isa = PBXGroup;
			children = (
				034519021CBFC8EE00B9D2FD /* os_posix_stdlib.h */,
			);
			path = include;
			sourceTree = "<group>";
		};
		0378C7B01CBF8C2F005C2BD1 = {
			isa = PBXGroup;
			children = (
				0378C7BB1CBF8C2F005C2BD1 /* Vortex-DDS PoC */,
				0378C7BA1CBF8C2F005C2BD1 /* Products */,
			);
			sourceTree = "<group>";
		};
		0378C7BA1CBF8C2F005C2BD1 /* Products */ = {
			isa = PBXGroup;
			children = (
				0378C9841CBF8CD9005C2BD1 /* liblibvdds.dylib */,
			);
			name = Products;
			sourceTree = "<group>";
		};
		0378C7BB1CBF8C2F005C2BD1 /* Vortex-DDS PoC */ = {
			isa = PBXGroup;
			children = (
				0378C7C31CBF8C6C005C2BD1 /* src */,
			);
			path = "Vortex-DDS PoC";
			sourceTree = "<group>";
		};
		0378C7C31CBF8C6C005C2BD1 /* src */ = {
			isa = PBXGroup;
			children = (
				0378C9F31CBF9A53005C2BD1 /* include */,
				0378C7C81CBF8C6C005C2BD1 /* ddsi */,
				0378C8241CBF8C6C005C2BD1 /* kernel */,
				0378C8651CBF8C6C005C2BD1 /* os */,
				0378C8D11CBF8C6C005C2BD1 /* util */,
			);
			path = src;
			sourceTree = "<group>";
		};
		0378C7C81CBF8C6C005C2BD1 /* ddsi */ = {
			isa = PBXGroup;
			children = (
				0378C7C91CBF8C6C005C2BD1 /* code */,
				0378C7F31CBF8C6C005C2BD1 /* include */,
			);
			path = ddsi;
			sourceTree = "<group>";
		};
		0378C7C91CBF8C6C005C2BD1 /* code */ = {
			isa = PBXGroup;
			children = (
				0378C7CA1CBF8C6C005C2BD1 /* ddsi_ser.c */,
				0378C7CB1CBF8C6C005C2BD1 /* ddsi_ssl.c */,
				0378C7CC1CBF8C6C005C2BD1 /* ddsi_tcp.c */,
				0378C7CD1CBF8C6C005C2BD1 /* ddsi_tran.c */,
				0378C7CE1CBF8C6C005C2BD1 /* ddsi_udp.c */,
				0378C7CF1CBF8C6C005C2BD1 /* q_addrset.c */,
				0378C7D01CBF8C6C005C2BD1 /* q_bitset_inlines.c */,
				0378C7D11CBF8C6C005C2BD1 /* q_bitset_template.c */,
				0378C7D21CBF8C6C005C2BD1 /* q_bswap.c */,
				0378C7D31CBF8C6C005C2BD1 /* q_bswap_inlines.c */,
				0378C7D41CBF8C6C005C2BD1 /* q_bswap_template.c */,
				0378C7D51CBF8C6C005C2BD1 /* q_config.c */,
				0378C7D61CBF8C6C005C2BD1 /* q_ddsi_discovery.c */,
				0378C7D71CBF8C6C005C2BD1 /* q_debmon.c */,
				0378C7D81CBF8C6C005C2BD1 /* q_entity.c */,
				0378C7D91CBF8C6C005C2BD1 /* q_ephash.c */,
				0378C7DA1CBF8C6C005C2BD1 /* q_gc.c */,
				0378C7DB1CBF8C6C005C2BD1 /* q_init.c */,
				0378C7DC1CBF8C6C005C2BD1 /* q_lat_estim.c */,
				0378C7DD1CBF8C6C005C2BD1 /* q_lease.c */,
				0378C7DE1CBF8C6C005C2BD1 /* q_log.c */,
				0378C7DF1CBF8C6C005C2BD1 /* q_md5.c */,
				0378C7E01CBF8C6C005C2BD1 /* q_misc.c */,
				0378C7E11CBF8C6C005C2BD1 /* q_nwif.c */,
				0378C7E21CBF8C6C005C2BD1 /* q_pcap.c */,
				0378C7E31CBF8C6C005C2BD1 /* q_plist.c */,
				0378C7E41CBF8C6C005C2BD1 /* q_qosmatch.c */,
				0378C7E51CBF8C6C005C2BD1 /* q_radmin.c */,
				0378C7E61CBF8C6C005C2BD1 /* q_receive.c */,
				0378C7E71CBF8C6C005C2BD1 /* q_security.c */,
				0378C7E81CBF8C6C005C2BD1 /* q_servicelease.c */,
				0378C7E91CBF8C6C005C2BD1 /* q_sockwaitset.c */,
				0378C7EA1CBF8C6C005C2BD1 /* q_thread.c */,
				0378C7EB1CBF8C6C005C2BD1 /* q_thread_inlines.c */,
				0378C7EC1CBF8C6C005C2BD1 /* q_thread_template.c */,
				0378C7ED1CBF8C6C005C2BD1 /* q_time.c */,
				0378C7EE1CBF8C6C005C2BD1 /* q_transmit.c */,
				0378C7EF1CBF8C6C005C2BD1 /* q_whc.c */,
				0378C7F01CBF8C6C005C2BD1 /* q_xevent.c */,
				0378C7F11CBF8C6C005C2BD1 /* q_xmsg.c */,
				0378C7F21CBF8C6C005C2BD1 /* sysdeps.c */,
			);
			path = code;
			sourceTree = "<group>";
		};
		0378C7F31CBF8C6C005C2BD1 /* include */ = {
			isa = PBXGroup;
			children = (
				0378C7F41CBF8C6C005C2BD1 /* ddsi_ser.h */,
				0378C7F51CBF8C6C005C2BD1 /* ddsi_ssl.h */,
				0378C7F61CBF8C6C005C2BD1 /* ddsi_tcp.h */,
				0378C7F71CBF8C6C005C2BD1 /* ddsi_tran.h */,
				0378C7F81CBF8C6C005C2BD1 /* ddsi_udp.h */,
				0378C7F91CBF8C6C005C2BD1 /* probes-constants.h */,
				0378C7FA1CBF8C6C005C2BD1 /* q_addrset.h */,
				0378C7FB1CBF8C6C005C2BD1 /* q_align.h */,
				0378C7FC1CBF8C6C005C2BD1 /* q_bitset.h */,
				0378C7FD1CBF8C6C005C2BD1 /* q_bswap.h */,
				0378C7FE1CBF8C6C005C2BD1 /* q_builtin_topic.h */,
				0378C7FF1CBF8C6C005C2BD1 /* q_config.h */,
				0378C8001CBF8C6C005C2BD1 /* q_ddsi_discovery.h */,
				0378C8011CBF8C6C005C2BD1 /* q_debmon.h */,
				0378C8021CBF8C6C005C2BD1 /* q_entity.h */,
				0378C8031CBF8C6C005C2BD1 /* q_ephash.h */,
				0378C8041CBF8C6C005C2BD1 /* q_error.h */,
				0378C8051CBF8C6C005C2BD1 /* q_feature_check.h */,
				0378C8061CBF8C6C005C2BD1 /* q_gc.h */,
				0378C8071CBF8C6C005C2BD1 /* q_globals.h */,
				0378C8081CBF8C6C005C2BD1 /* q_hbcontrol.h */,
				0378C8091CBF8C6C005C2BD1 /* q_inline.h */,
				0378C80A1CBF8C6C005C2BD1 /* q_lat_estim.h */,
				0378C80B1CBF8C6C005C2BD1 /* q_lease.h */,
				0378C80C1CBF8C6C005C2BD1 /* q_log.h */,
				0378C80D1CBF8C6C005C2BD1 /* q_md5.h */,
				0378C80E1CBF8C6C005C2BD1 /* q_misc.h */,
				0378C80F1CBF8C6C005C2BD1 /* q_nwif.h */,
				0378C8101CBF8C6C005C2BD1 /* q_pcap.h */,
				0378C8111CBF8C6C005C2BD1 /* q_plist.h */,
				0378C8121CBF8C6C005C2BD1 /* q_protocol.h */,
				0378C8131CBF8C6C005C2BD1 /* q_qosmatch.h */,
				0378C8141CBF8C6C005C2BD1 /* q_radmin.h */,
				0378C8151CBF8C6C005C2BD1 /* q_receive.h */,
				0378C8161CBF8C6C005C2BD1 /* q_rtps.h */,
				0378C8171CBF8C6C005C2BD1 /* q_security.h */,
				0378C8181CBF8C6C005C2BD1 /* q_servicelease.h */,
				0378C8191CBF8C6C005C2BD1 /* q_sockwaitset.h */,
				0378C81A1CBF8C6C005C2BD1 /* q_static_assert.h */,
				0378C81B1CBF8C6C005C2BD1 /* q_thread.h */,
				0378C81C1CBF8C6C005C2BD1 /* q_time.h */,
				0378C81D1CBF8C6C005C2BD1 /* q_transmit.h */,
				0378C81E1CBF8C6C005C2BD1 /* q_unused.h */,
				0378C81F1CBF8C6C005C2BD1 /* q_whc.h */,
				0378C8201CBF8C6C005C2BD1 /* q_xevent.h */,
				0378C8211CBF8C6C005C2BD1 /* q_xmsg.h */,
				0378C8221CBF8C6C005C2BD1 /* q_xqos.h */,
				0378C8231CBF8C6C005C2BD1 /* sysdeps.h */,
			);
			path = include;
			sourceTree = "<group>";
		};
		0378C8241CBF8C6C005C2BD1 /* kernel */ = {
			isa = PBXGroup;
			children = (
				0378C8251CBF8C6C005C2BD1 /* code */,
				0378C8481CBF8C6C005C2BD1 /* include */,
			);
			path = kernel;
			sourceTree = "<group>";
		};
		0378C8251CBF8C6C005C2BD1 /* code */ = {
			isa = PBXGroup;
			children = (
				0378C8261CBF8C6C005C2BD1 /* dds_alloc.c */,
				0378C8271CBF8C6C005C2BD1 /* dds_condition.c */,
				0378C8281CBF8C6C005C2BD1 /* dds_domain.c */,
				0378C8291CBF8C6C005C2BD1 /* dds_entity.c */,
				0378C82A1CBF8C6C005C2BD1 /* dds_err.c */,
				0378C82B1CBF8C6C005C2BD1 /* dds_guardcond.c */,
				0378C82D1CBF8C6C005C2BD1 /* dds_iid.c */,
				0378C82E1CBF8C6C005C2BD1 /* dds_init.c */,
				0378C82F1CBF8C6C005C2BD1 /* dds_instance.c */,
				0378C8301CBF8C6C005C2BD1 /* dds_key.c */,
				0378C8311CBF8C6C005C2BD1 /* dds_listener.c */,
				0378C8321CBF8C6C005C2BD1 /* dds_log.c */,
				0378C8331CBF8C6C005C2BD1 /* dds_participant.c */,
				0378C8341CBF8C6C005C2BD1 /* dds_publisher.c */,
				0378C8351CBF8C6C005C2BD1 /* dds_qos.c */,
				0378C8361CBF8C6C005C2BD1 /* dds_querycond.c */,
				0378C8371CBF8C6C005C2BD1 /* dds_read.c */,
				0378C8381CBF8C6C005C2BD1 /* dds_readcond.c */,
				0378C8391CBF8C6C005C2BD1 /* dds_reader.c */,
				0378C83A1CBF8C6C005C2BD1 /* dds_rhc.c */,
				0378C83B1CBF8C6C005C2BD1 /* dds_status.c */,
				0378C83C1CBF8C6C005C2BD1 /* dds_statuscond.c */,
				0378C83D1CBF8C6C005C2BD1 /* dds_stream.c */,
				0378C83E1CBF8C6C005C2BD1 /* dds_subscriber.c */,
				0378C83F1CBF8C6C005C2BD1 /* dds_thread.c */,
				0378C8401CBF8C6C005C2BD1 /* dds_time.c */,
				0378C8411CBF8C6C005C2BD1 /* dds_tkmap.c */,
				0378C8421CBF8C6C005C2BD1 /* dds_topic.c */,
				0378C8431CBF8C6C005C2BD1 /* dds_waitset.c */,
				0378C8441CBF8C6C005C2BD1 /* dds_write.c */,
				0378C8451CBF8C6C005C2BD1 /* dds_writer.c */,
				0378C8461CBF8C6C005C2BD1 /* q_osplser.c */,
			);
			path = code;
			sourceTree = "<group>";
		};
		0378C8481CBF8C6C005C2BD1 /* include */ = {
			isa = PBXGroup;
			children = (
				0378C8491CBF8C6C005C2BD1 /* dds_alloc.h */,
				0378C84A1CBF8C6C005C2BD1 /* dds_condition.h */,
				0378C84B1CBF8C6C005C2BD1 /* dds_domain.h */,
				0378C84C1CBF8C6C005C2BD1 /* dds_entity.h */,
				0378C84D1CBF8C6C005C2BD1 /* dds_export.h */,
				0378C84E1CBF8C6C005C2BD1 /* dds_guardcond.h */,
				0378C8501CBF8C6C005C2BD1 /* dds_iid.h */,
				0378C8511CBF8C6C005C2BD1 /* dds_init.h */,
				0378C8521CBF8C6C005C2BD1 /* dds_key.h */,
				0378C8531CBF8C6C005C2BD1 /* dds_listener.h */,
				0378C8541CBF8C6C005C2BD1 /* dds_participant.h */,
				0378C8551CBF8C6C005C2BD1 /* dds_qos.h */,
				0378C8561CBF8C6C005C2BD1 /* dds_querycond.h */,
				0378C8571CBF8C6C005C2BD1 /* dds_readcond.h */,
				0378C8581CBF8C6C005C2BD1 /* dds_reader.h */,
				0378C8591CBF8C6C005C2BD1 /* dds_rhc.h */,
				0378C85A1CBF8C6C005C2BD1 /* dds_status.h */,
				0378C85B1CBF8C6C005C2BD1 /* dds_statuscond.h */,
				0378C85C1CBF8C6C005C2BD1 /* dds_stream.h */,
				0378C85D1CBF8C6C005C2BD1 /* dds_tkmap.h */,
				0378C85E1CBF8C6C005C2BD1 /* dds_topic.h */,
				0378C85F1CBF8C6C005C2BD1 /* dds_types.h */,
				0378C8601CBF8C6C005C2BD1 /* dds_waitset.h */,
				0378C8611CBF8C6C005C2BD1 /* dds_write.h */,
				0378C8621CBF8C6C005C2BD1 /* dds_writer.h */,
				0378C8631CBF8C6C005C2BD1 /* q_osplser.h */,
			);
			path = include;
			sourceTree = "<group>";
		};
		0378C8651CBF8C6C005C2BD1 /* os */ = {
			isa = PBXGroup;
			children = (
				0378CA261CBFBA21005C2BD1 /* snippets */,
				0378C8661CBF8C6C005C2BD1 /* code */,
				0378C86C1CBF8C6C005C2BD1 /* darwin */,
				0378C8731CBF8C6C005C2BD1 /* include */,
			);
			indentWidth = 4;
			path = os;
			sourceTree = "<group>";
		};
		0378C8661CBF8C6C005C2BD1 /* code */ = {
			isa = PBXGroup;
			children = (
				034518FF1CBFC5B600B9D2FD /* os_report.c */,
				034518FD1CBFC51500B9D2FD /* os_socket.c */,
				0378CA311CBFBD75005C2BD1 /* os_init.c */,
				0378C8671CBF8C6C005C2BD1 /* os_atomics.c */,
				0378C86A1CBF8C6C005C2BD1 /* os_sync.c */,
				0378C86B1CBF8C6C005C2BD1 /* os_thread.c */,
				0378C9EE1CBF8F01005C2BD1 /* os_time.c */,
			);
			path = code;
			sourceTree = "<group>";
		};
		0378C86C1CBF8C6C005C2BD1 /* darwin */ = {
			isa = PBXGroup;
			children = (
				0378C86D1CBF8C6C005C2BD1 /* code */,
				0378C86E1CBF8C6C005C2BD1 /* include */,
			);
			path = darwin;
			sourceTree = "<group>";
		};
		0378C86D1CBF8C6C005C2BD1 /* code */ = {
			isa = PBXGroup;
			children = (
				034518FB1CBFC3FE00B9D2FD /* os_platform_socket.c */,
				034518F71CBFC2AC00B9D2FD /* os_platform_errno.c */,
				0378CA341CBFBDB4005C2BD1 /* os_platform_heap.c */,
				0378CA351CBFBDB4005C2BD1 /* os_platform_init.c */,
				0378C9EA1CBF8D87005C2BD1 /* os_platform_sync.c */,
				0378C9EC1CBF8E90005C2BD1 /* os_platform_time.c */,
				0378CA241CBFB9B4005C2BD1 /* os_platform_stdlib.c */,
				034518F31CBFC11600B9D2FD /* os_platform_thread.c */,
				034519051CBFCA4B00B9D2FD /* os_platform_process.c */,
			);
			path = code;
			sourceTree = "<group>";
		};
		0378C86E1CBF8C6C005C2BD1 /* include */ = {
			isa = PBXGroup;
			children = (
				0378C86F1CBF8C6C005C2BD1 /* os_platform.h */,
				0378C8701CBF8C6C005C2BD1 /* os_platform_socket.h */,
				0378C8711CBF8C6C005C2BD1 /* os_platform_sync.h */,
				0378C8721CBF8C6C005C2BD1 /* os_platform_thread.h */,
				0378C9F01CBF9141005C2BD1 /* os_platform_public.h */,
				034519041CBFC8FF00B9D2FD /* os_platform_stdlib.h */,
			);
			path = include;
			sourceTree = "<group>";
		};
		0378C8731CBF8C6C005C2BD1 /* include */ = {
			isa = PBXGroup;
			children = (
				034519071CBFCA9E00B9D2FD /* os_process.h */,
				0378C8741CBF8C6C005C2BD1 /* os.h */,
				0378C8751CBF8C6C005C2BD1 /* os_atomics.h */,
				0378C8761CBF8C6C005C2BD1 /* os_atomics_gcc.h */,
				0378C8771CBF8C6C005C2BD1 /* os_decl_attributes.h */,
				0378C8781CBF8C6C005C2BD1 /* os_decl_attributes_sal.h */,
				0378C8791CBF8C6C005C2BD1 /* os_defs.h */,
				0378C87A1CBF8C6C005C2BD1 /* os_heap.h */,
				0378C87B1CBF8C6C005C2BD1 /* os_public.h */,
				0378C87C1CBF8C6C005C2BD1 /* os_socket.h */,
				0378C87D1CBF8C6C005C2BD1 /* os_sync.h */,
				0378C87E1CBF8C6C005C2BD1 /* os_thread.h */,
				0378C87F1CBF8C6C005C2BD1 /* os_time.h */,
				0378C9F11CBF956C005C2BD1 /* os_stdlib.h */,
				0378C9F21CBF963A005C2BD1 /* os_report.h */,
				0378CA221CBFA122005C2BD1 /* os_init.h */,
				0378CA231CBFAB75005C2BD1 /* os_errno.h */,
			);
			path = include;
			sourceTree = "<group>";
		};
		0378C8D11CBF8C6C005C2BD1 /* util */ = {
			isa = PBXGroup;
			children = (
				0378C8D21CBF8C6C005C2BD1 /* code */,
				0378C8EA1CBF8C6C005C2BD1 /* include */,
			);
			indentWidth = 4;
			path = util;
			sourceTree = "<group>";
		};
		0378C8D21CBF8C6C005C2BD1 /* code */ = {
			isa = PBXGroup;
			children = (
				0378C8D81CBF8C6C005C2BD1 /* ut_avl.c */,
				0378C8DB1CBF8C6C005C2BD1 /* ut_crc.c */,
				0378C8DD1CBF8C6C005C2BD1 /* ut_expand_envvars.c */,
				0378C8DE1CBF8C6C005C2BD1 /* ut_fibheap.c */,
				0378C8DF1CBF8C6C005C2BD1 /* ut_hopscotch.c */,
				0378C8E31CBF8C6C005C2BD1 /* ut_thread_pool.c */,
				0378C8E91CBF8C6C005C2BD1 /* ut_xmlparser.c */,
			);
			path = code;
			sourceTree = "<group>";
		};
		0378C8EA1CBF8C6C005C2BD1 /* include */ = {
			isa = PBXGroup;
			children = (
				0378C8EB1CBF8C6C005C2BD1 /* ut_avl.h */,
				0378C8EE1CBF8C6C005C2BD1 /* ut_crc.h */,
				0378C8F01CBF8C6C005C2BD1 /* ut_expand_envvars.h */,
				0378C8F11CBF8C6C005C2BD1 /* ut_fibheap.h */,
				0378C8F21CBF8C6C005C2BD1 /* ut_hopscotch.h */,
				0378C8F71CBF8C6D005C2BD1 /* ut_thread_pool.h */,
				0378C8FA1CBF8C6D005C2BD1 /* ut_xmlparser.h */,
			);
			path = include;
			sourceTree = "<group>";
		};
		0378C9F31CBF9A53005C2BD1 /* include */ = {
			isa = PBXGroup;
			children = (
				0378C9F41CBF9A7E005C2BD1 /* dds */,
				0378CA0E1CBF9A7E005C2BD1 /* dds.h */,
			);
			path = include;
			sourceTree = "<group>";
		};
		0378C9F41CBF9A7E005C2BD1 /* dds */ = {
			isa = PBXGroup;
			children = (
				0378C9F51CBF9A7E005C2BD1 /* ddsp_alloc.h */,
				0378C9F61CBF9A7E005C2BD1 /* ddsp_error.h */,
				0378C9F71CBF9A7E005C2BD1 /* ddsp_impl.h */,
				0378C9F81CBF9A7E005C2BD1 /* ddsp_log.h */,
				0378CA0A1CBF9A7E005C2BD1 /* ddsp_qos.h */,
				0378CA0B1CBF9A7E005C2BD1 /* ddsp_status.h */,
				0378CA0C1CBF9A7E005C2BD1 /* ddsp_stream.h */,
				0378CA0D1CBF9A7E005C2BD1 /* ddsp_time.h */,
			);
			path = dds;
			sourceTree = "<group>";
		};
		0378CA261CBFBA21005C2BD1 /* snippets */ = {
			isa = PBXGroup;
			children = (
				034519011CBFC8EE00B9D2FD /* include */,
				0378CA271CBFBA21005C2BD1 /* code */,
			);
			path = snippets;
			sourceTree = "<group>";
		};
		0378CA271CBFBA21005C2BD1 /* code */ = {
			isa = PBXGroup;
			children = (
				034519091CBFCCB600B9D2FD /* os_posix_process.c */,
				034518F91CBFC2C300B9D2FD /* os_posix_errno.c */,
				034518F51CBFC13A00B9D2FD /* os_posix_thread.c */,
				034518F11CBFBFE000B9D2FD /* os_heap.c */,
				0378CA2F1CBFBA80005C2BD1 /* os_stdlib_strsep.c */,
				0378CA281CBFBA21005C2BD1 /* os_gethostname.c */,
				0378CA291CBFBA21005C2BD1 /* os_stdlib.c */,
				0378CA2A1CBFBA21005C2BD1 /* os_stdlib_bsearch.c */,
				0378CA2B1CBFBA21005C2BD1 /* os_stdlib_strtod.c */,
				0378CA2C1CBFBA21005C2BD1 /* os_stdlib_strtok_r.c */,
				0378CA2D1CBFBA21005C2BD1 /* os_stdlib_strtol.c */,
			);
			path = code;
			sourceTree = "<group>";
		};
/* End PBXGroup section */

/* Begin PBXHeadersBuildPhase section */
		0378C9821CBF8CD9005C2BD1 /* Headers */ = {
			isa = PBXHeadersBuildPhase;
			buildActionMask = 2147483647;
			files = (
				0378CA0F1CBF9A7E005C2BD1 /* ddsp_alloc.h in Headers */,
				0378CA1E1CBF9A7E005C2BD1 /* ddsp_status.h in Headers */,
				0378CA1F1CBF9A7E005C2BD1 /* ddsp_stream.h in Headers */,
				0378CA1D1CBF9A7E005C2BD1 /* ddsp_qos.h in Headers */,
				0378CA201CBF9A7E005C2BD1 /* ddsp_time.h in Headers */,
				0378CA211CBF9A7E005C2BD1 /* dds.h in Headers */,
				0378CA121CBF9A7E005C2BD1 /* ddsp_log.h in Headers */,
				034519081CBFCA9E00B9D2FD /* os_process.h in Headers */,
				0378CA101CBF9A7E005C2BD1 /* ddsp_error.h in Headers */,
				0378CA111CBF9A7E005C2BD1 /* ddsp_impl.h in Headers */,
			);
			runOnlyForDeploymentPostprocessing = 0;
		};
/* End PBXHeadersBuildPhase section */

/* Begin PBXNativeTarget section */
		0378C9831CBF8CD9005C2BD1 /* libvdds */ = {
			isa = PBXNativeTarget;
			buildConfigurationList = 0378C9851CBF8CD9005C2BD1 /* Build configuration list for PBXNativeTarget "libvdds" */;
			buildPhases = (
				0378C9801CBF8CD9005C2BD1 /* Sources */,
				0378C9811CBF8CD9005C2BD1 /* Frameworks */,
				0378C9821CBF8CD9005C2BD1 /* Headers */,
			);
			buildRules = (
			);
			dependencies = (
			);
			name = libvdds;
			productName = libvdds;
			productReference = 0378C9841CBF8CD9005C2BD1 /* liblibvdds.dylib */;
			productType = "com.apple.product-type.library.dynamic";
		};
/* End PBXNativeTarget section */

/* Begin PBXProject section */
		0378C7B11CBF8C2F005C2BD1 /* Project object */ = {
			isa = PBXProject;
			attributes = {
				LastUpgradeCheck = 0730;
				ORGANIZATIONNAME = PrismTech;
				TargetAttributes = {
					0378C9831CBF8CD9005C2BD1 = {
						CreatedOnToolsVersion = 7.3;
					};
				};
			};
			buildConfigurationList = 0378C7B41CBF8C2F005C2BD1 /* Build configuration list for PBXProject "Vortex-DDS PoC" */;
			compatibilityVersion = "Xcode 3.2";
			developmentRegion = English;
			hasScannedForEncodings = 0;
			knownRegions = (
				en,
			);
			mainGroup = 0378C7B01CBF8C2F005C2BD1;
			productRefGroup = 0378C7BA1CBF8C2F005C2BD1 /* Products */;
			projectDirPath = "";
			projectRoot = "";
			targets = (
				0378C9831CBF8CD9005C2BD1 /* libvdds */,
			);
		};
/* End PBXProject section */

/* Begin PBXSourcesBuildPhase section */
		0378C9801CBF8CD9005C2BD1 /* Sources */ = {
			isa = PBXSourcesBuildPhase;
			buildActionMask = 2147483647;
			files = (
				0378C9D81CBF8D42005C2BD1 /* ut_avl.c in Sources */,
				034518F81CBFC2AC00B9D2FD /* os_platform_errno.c in Sources */,
				0378C9DB1CBF8D42005C2BD1 /* ut_crc.c in Sources */,
				0378C9DD1CBF8D42005C2BD1 /* ut_expand_envvars.c in Sources */,
				0378C9DE1CBF8D42005C2BD1 /* ut_fibheap.c in Sources */,
				0378C9DF1CBF8D42005C2BD1 /* ut_hopscotch.c in Sources */,
				034518FE1CBFC51500B9D2FD /* os_socket.c in Sources */,
				0378C9E31CBF8D42005C2BD1 /* ut_thread_pool.c in Sources */,
				0378C9EF1CBF8F01005C2BD1 /* os_time.c in Sources */,
				0378CA331CBFBD75005C2BD1 /* os_init.c in Sources */,
				0378C9E91CBF8D42005C2BD1 /* ut_xmlparser.c in Sources */,
				0378C9D31CBF8D2B005C2BD1 /* os_atomics.c in Sources */,
				034519001CBFC5B600B9D2FD /* os_report.c in Sources */,
				0378C9D61CBF8D2B005C2BD1 /* os_sync.c in Sources */,
				034519061CBFCA4B00B9D2FD /* os_platform_process.c in Sources */,
				0378C9D71CBF8D2B005C2BD1 /* os_thread.c in Sources */,
				0378C9B11CBF8D1F005C2BD1 /* dds_alloc.c in Sources */,
				0378C9B21CBF8D1F005C2BD1 /* dds_condition.c in Sources */,
				0378C9B31CBF8D1F005C2BD1 /* dds_domain.c in Sources */,
				0378C9B41CBF8D1F005C2BD1 /* dds_entity.c in Sources */,
				0378C9B51CBF8D1F005C2BD1 /* dds_err.c in Sources */,
				0378CA251CBFB9B4005C2BD1 /* os_platform_stdlib.c in Sources */,
				034518FC1CBFC3FE00B9D2FD /* os_platform_socket.c in Sources */,
				0378C9B61CBF8D1F005C2BD1 /* dds_guardcond.c in Sources */,
				0378C9B81CBF8D1F005C2BD1 /* dds_iid.c in Sources */,
				0378C9B91CBF8D1F005C2BD1 /* dds_init.c in Sources */,
				0378C9BA1CBF8D1F005C2BD1 /* dds_instance.c in Sources */,
				0378C9EB1CBF8D87005C2BD1 /* os_platform_sync.c in Sources */,
				0378C9BB1CBF8D1F005C2BD1 /* dds_key.c in Sources */,
				0378C9BC1CBF8D1F005C2BD1 /* dds_listener.c in Sources */,
				0378C9BD1CBF8D1F005C2BD1 /* dds_log.c in Sources */,
				0378C9BE1CBF8D1F005C2BD1 /* dds_participant.c in Sources */,
				0378C9BF1CBF8D1F005C2BD1 /* dds_publisher.c in Sources */,
				0378C9C01CBF8D1F005C2BD1 /* dds_qos.c in Sources */,
				0378C9C11CBF8D1F005C2BD1 /* dds_querycond.c in Sources */,
				0378C9C21CBF8D1F005C2BD1 /* dds_read.c in Sources */,
				0378C9C31CBF8D1F005C2BD1 /* dds_readcond.c in Sources */,
				0378C9C41CBF8D1F005C2BD1 /* dds_reader.c in Sources */,
				0378C9C51CBF8D1F005C2BD1 /* dds_rhc.c in Sources */,
				0378C9C61CBF8D1F005C2BD1 /* dds_status.c in Sources */,
				0378C9C71CBF8D1F005C2BD1 /* dds_statuscond.c in Sources */,
				0378C9C81CBF8D1F005C2BD1 /* dds_stream.c in Sources */,
				0378C9C91CBF8D1F005C2BD1 /* dds_subscriber.c in Sources */,
				0378C9CA1CBF8D1F005C2BD1 /* dds_thread.c in Sources */,
				034518F41CBFC11600B9D2FD /* os_platform_thread.c in Sources */,
				0378C9CB1CBF8D1F005C2BD1 /* dds_time.c in Sources */,
				0378C9CC1CBF8D1F005C2BD1 /* dds_tkmap.c in Sources */,
				0378C9CD1CBF8D1F005C2BD1 /* dds_topic.c in Sources */,
				0378C9CE1CBF8D1F005C2BD1 /* dds_waitset.c in Sources */,
				0378C9CF1CBF8D1F005C2BD1 /* dds_write.c in Sources */,
				0378C9D01CBF8D1F005C2BD1 /* dds_writer.c in Sources */,
				0378C9D11CBF8D1F005C2BD1 /* q_osplser.c in Sources */,
				0378C9881CBF8D12005C2BD1 /* ddsi_ser.c in Sources */,
				0378CA361CBFBDB4005C2BD1 /* os_platform_heap.c in Sources */,
				0378C9891CBF8D12005C2BD1 /* ddsi_ssl.c in Sources */,
				0378C98A1CBF8D12005C2BD1 /* ddsi_tcp.c in Sources */,
				0378C98B1CBF8D12005C2BD1 /* ddsi_tran.c in Sources */,
				0378C98C1CBF8D12005C2BD1 /* ddsi_udp.c in Sources */,
				0378C98D1CBF8D12005C2BD1 /* q_addrset.c in Sources */,
				0378C98E1CBF8D12005C2BD1 /* q_bitset_inlines.c in Sources */,
				0378C9901CBF8D12005C2BD1 /* q_bswap.c in Sources */,
				0378C9911CBF8D12005C2BD1 /* q_bswap_inlines.c in Sources */,
				0378C9931CBF8D12005C2BD1 /* q_config.c in Sources */,
				0378C9941CBF8D12005C2BD1 /* q_ddsi_discovery.c in Sources */,
				0378C9951CBF8D12005C2BD1 /* q_debmon.c in Sources */,
				0378C9961CBF8D12005C2BD1 /* q_entity.c in Sources */,
				0378C9971CBF8D12005C2BD1 /* q_ephash.c in Sources */,
				0378C9981CBF8D12005C2BD1 /* q_gc.c in Sources */,
				0378C9991CBF8D12005C2BD1 /* q_init.c in Sources */,
				0378C99A1CBF8D12005C2BD1 /* q_lat_estim.c in Sources */,
				0378C99B1CBF8D12005C2BD1 /* q_lease.c in Sources */,
				0378C99C1CBF8D12005C2BD1 /* q_log.c in Sources */,
				0378C99D1CBF8D12005C2BD1 /* q_md5.c in Sources */,
				0378C99E1CBF8D12005C2BD1 /* q_misc.c in Sources */,
				0378C99F1CBF8D12005C2BD1 /* q_nwif.c in Sources */,
				0378C9A01CBF8D12005C2BD1 /* q_pcap.c in Sources */,
				0378C9A11CBF8D12005C2BD1 /* q_plist.c in Sources */,
				0378C9A21CBF8D12005C2BD1 /* q_qosmatch.c in Sources */,
				0378C9A31CBF8D12005C2BD1 /* q_radmin.c in Sources */,
				0378C9A41CBF8D12005C2BD1 /* q_receive.c in Sources */,
				0378C9ED1CBF8E90005C2BD1 /* os_platform_time.c in Sources */,
				0378C9A51CBF8D12005C2BD1 /* q_security.c in Sources */,
				0378CA371CBFBDB4005C2BD1 /* os_platform_init.c in Sources */,
				0378C9A61CBF8D12005C2BD1 /* q_servicelease.c in Sources */,
				0378C9A71CBF8D12005C2BD1 /* q_sockwaitset.c in Sources */,
				0378C9A81CBF8D12005C2BD1 /* q_thread.c in Sources */,
				0378C9A91CBF8D12005C2BD1 /* q_thread_inlines.c in Sources */,
				0378C9AB1CBF8D12005C2BD1 /* q_time.c in Sources */,
				0378C9AC1CBF8D12005C2BD1 /* q_transmit.c in Sources */,
				0378C9AD1CBF8D12005C2BD1 /* q_whc.c in Sources */,
				0378C9AE1CBF8D12005C2BD1 /* q_xevent.c in Sources */,
				0378C9AF1CBF8D12005C2BD1 /* q_xmsg.c in Sources */,
				0378C9B01CBF8D12005C2BD1 /* sysdeps.c in Sources */,
			);
			runOnlyForDeploymentPostprocessing = 0;
		};
/* End PBXSourcesBuildPhase section */

/* Begin XCBuildConfiguration section */
		0378C7BE1CBF8C2F005C2BD1 /* Debug */ = {
			isa = XCBuildConfiguration;
			buildSettings = {
				ALWAYS_SEARCH_USER_PATHS = NO;
				CLANG_ANALYZER_NONNULL = YES;
				CLANG_CXX_LANGUAGE_STANDARD = "gnu++0x";
				CLANG_CXX_LIBRARY = "libc++";
				CLANG_ENABLE_MODULES = YES;
				CLANG_ENABLE_OBJC_ARC = YES;
				CLANG_WARN_BOOL_CONVERSION = YES;
				CLANG_WARN_CONSTANT_CONVERSION = YES;
				CLANG_WARN_DIRECT_OBJC_ISA_USAGE = YES_ERROR;
				CLANG_WARN_EMPTY_BODY = YES;
				CLANG_WARN_ENUM_CONVERSION = YES;
				CLANG_WARN_INT_CONVERSION = YES;
				CLANG_WARN_OBJC_ROOT_CLASS = YES_ERROR;
				CLANG_WARN_UNREACHABLE_CODE = YES;
				CLANG_WARN__DUPLICATE_METHOD_MATCH = YES;
				CODE_SIGN_IDENTITY = "-";
				COPY_PHASE_STRIP = NO;
				DEBUG_INFORMATION_FORMAT = dwarf;
				ENABLE_STRICT_OBJC_MSGSEND = YES;
				ENABLE_TESTABILITY = YES;
				GCC_C_LANGUAGE_STANDARD = gnu99;
				GCC_DYNAMIC_NO_PIC = NO;
				GCC_NO_COMMON_BLOCKS = YES;
				GCC_OPTIMIZATION_LEVEL = 0;
				GCC_PREPROCESSOR_DEFINITIONS = (
					"LITE=1",
					"DEBUG=1",
					"$(inherited)",
				);
				GCC_WARN_64_TO_32_BIT_CONVERSION = YES;
				GCC_WARN_ABOUT_RETURN_TYPE = YES_ERROR;
				GCC_WARN_UNDECLARED_SELECTOR = YES;
				GCC_WARN_UNINITIALIZED_AUTOS = YES_AGGRESSIVE;
				GCC_WARN_UNUSED_FUNCTION = YES;
				GCC_WARN_UNUSED_VARIABLE = YES;
				MACOSX_DEPLOYMENT_TARGET = 10.11;
				MTL_ENABLE_DEBUG_INFO = YES;
				ONLY_ACTIVE_ARCH = YES;
				SDKROOT = macosx;
			};
			name = Debug;
		};
		0378C7BF1CBF8C2F005C2BD1 /* Release */ = {
			isa = XCBuildConfiguration;
			buildSettings = {
				ALWAYS_SEARCH_USER_PATHS = NO;
				CLANG_ANALYZER_NONNULL = YES;
				CLANG_CXX_LANGUAGE_STANDARD = "gnu++0x";
				CLANG_CXX_LIBRARY = "libc++";
				CLANG_ENABLE_MODULES = YES;
				CLANG_ENABLE_OBJC_ARC = YES;
				CLANG_WARN_BOOL_CONVERSION = YES;
				CLANG_WARN_CONSTANT_CONVERSION = YES;
				CLANG_WARN_DIRECT_OBJC_ISA_USAGE = YES_ERROR;
				CLANG_WARN_EMPTY_BODY = YES;
				CLANG_WARN_ENUM_CONVERSION = YES;
				CLANG_WARN_INT_CONVERSION = YES;
				CLANG_WARN_OBJC_ROOT_CLASS = YES_ERROR;
				CLANG_WARN_UNREACHABLE_CODE = YES;
				CLANG_WARN__DUPLICATE_METHOD_MATCH = YES;
				CODE_SIGN_IDENTITY = "-";
				COPY_PHASE_STRIP = NO;
				DEBUG_INFORMATION_FORMAT = "dwarf-with-dsym";
				ENABLE_NS_ASSERTIONS = NO;
				ENABLE_STRICT_OBJC_MSGSEND = YES;
				GCC_C_LANGUAGE_STANDARD = gnu99;
				GCC_NO_COMMON_BLOCKS = YES;
				GCC_PREPROCESSOR_DEFINITIONS = "LITE=1";
				GCC_WARN_64_TO_32_BIT_CONVERSION = YES;
				GCC_WARN_ABOUT_RETURN_TYPE = YES_ERROR;
				GCC_WARN_UNDECLARED_SELECTOR = YES;
				GCC_WARN_UNINITIALIZED_AUTOS = YES_AGGRESSIVE;
				GCC_WARN_UNUSED_FUNCTION = YES;
				GCC_WARN_UNUSED_VARIABLE = YES;
				MACOSX_DEPLOYMENT_TARGET = 10.11;
				MTL_ENABLE_DEBUG_INFO = NO;
				SDKROOT = macosx;
			};
			name = Release;
		};
		0378C9861CBF8CD9005C2BD1 /* Debug */ = {
			isa = XCBuildConfiguration;
			buildSettings = {
				DYLIB_COMPATIBILITY_VERSION = 1;
				DYLIB_CURRENT_VERSION = 1;
				EXECUTABLE_PREFIX = lib;
				PRODUCT_NAME = "$(TARGET_NAME)";
			};
			name = Debug;
		};
		0378C9871CBF8CD9005C2BD1 /* Release */ = {
			isa = XCBuildConfiguration;
			buildSettings = {
				DYLIB_COMPATIBILITY_VERSION = 1;
				DYLIB_CURRENT_VERSION = 1;
				EXECUTABLE_PREFIX = lib;
				PRODUCT_NAME = "$(TARGET_NAME)";
			};
			name = Release;
		};
/* End XCBuildConfiguration section */

/* Begin XCConfigurationList section */
		0378C7B41CBF8C2F005C2BD1 /* Build configuration list for PBXProject "Vortex-DDS PoC" */ = {
			isa = XCConfigurationList;
			buildConfigurations = (
				0378C7BE1CBF8C2F005C2BD1 /* Debug */,
				0378C7BF1CBF8C2F005C2BD1 /* Release */,
			);
			defaultConfigurationIsVisible = 0;
			defaultConfigurationName = Release;
		};
		0378C9851CBF8CD9005C2BD1 /* Build configuration list for PBXNativeTarget "libvdds" */ = {
			isa = XCConfigurationList;
			buildConfigurations = (
				0378C9861CBF8CD9005C2BD1 /* Debug */,
				0378C9871CBF8CD9005C2BD1 /* Release */,
			);
			defaultConfigurationIsVisible = 0;
			defaultConfigurationName = Release;
		};
/* End XCConfigurationList section */
	};
	rootObject = 0378C7B11CBF8C2F005C2BD1 /* Project object */;
}
